
Microsoft Visual Studio Solution File, Format Version 12.00
# Visual Studio 2012
Project("{FAE04EC0-301F-11D3-BF4B-00C04F79EFBC}") = "DataWebService", "DataWebService\DataWebService.csproj", "{45C35444-03AD-4006-9604-20A9B3297223}"
EndProject
Project("{FAE04EC0-301F-11D3-BF4B-00C04F79EFBC}") = "DynamicMarkerOverlay", "DynamicMarkerOverlay\DynamicMarkerOverlay.csproj", "{B7F0F611-F250-4568-9F42-54A1F4F84CFF}"
EndProject
Global
	GlobalSection(SolutionConfigurationPlatforms) = preSolution
		Code Analysis|Any CPU = Code Analysis|Any CPU
		Code Analysis|x64 = Code Analysis|x64
		Code Analysis|x86 = Code Analysis|x86
		Debug|Any CPU = Debug|Any CPU
		Debug|x64 = Debug|x64
		Debug|x86 = Debug|x86
		Evaluation|Any CPU = Evaluation|Any CPU
		Evaluation|x64 = Evaluation|x64
		Evaluation|x86 = Evaluation|x86
		FileLicense|Any CPU = FileLicense|Any CPU
		FileLicense|x64 = FileLicense|x64
		FileLicense|x86 = FileLicense|x86
		Full|Any CPU = Full|Any CPU
		Full|x64 = Full|x64
		Full|x86 = Full|x86
		GISEditorUnitTest|Any CPU = GISEditorUnitTest|Any CPU
		GISEditorUnitTest|x64 = GISEditorUnitTest|x64
		GISEditorUnitTest|x86 = GISEditorUnitTest|x86
		Multithread|Any CPU = Multithread|Any CPU
		Multithread|x64 = Multithread|x64
		Multithread|x86 = Multithread|x86
		newBuildOption|Any CPU = newBuildOption|Any CPU
		newBuildOption|x64 = newBuildOption|x64
		newBuildOption|x86 = newBuildOption|x86
		Performance|Any CPU = Performance|Any CPU
		Performance|x64 = Performance|x64
		Performance|x86 = Performance|x86
		ReadOnly|Any CPU = ReadOnly|Any CPU
		ReadOnly|x64 = ReadOnly|x64
		ReadOnly|x86 = ReadOnly|x86
		Release|Any CPU = Release|Any CPU
		Release|x64 = Release|x64
		Release|x86 = Release|x86
		RoutingFull|Any CPU = RoutingFull|Any CPU
		RoutingFull|x64 = RoutingFull|x64
		RoutingFull|x86 = RoutingFull|x86
		RunTime|Any CPU = RunTime|Any CPU
		RunTime|x64 = RunTime|x64
		RunTime|x86 = RunTime|x86
		TGLICENSE|Any CPU = TGLICENSE|Any CPU
		TGLICENSE|x64 = TGLICENSE|x64
		TGLICENSE|x86 = TGLICENSE|x86
		ThreadPoolEx|Any CPU = ThreadPoolEx|Any CPU
		ThreadPoolEx|x64 = ThreadPoolEx|x64
		ThreadPoolEx|x86 = ThreadPoolEx|x86
	EndGlobalSection
	GlobalSection(ProjectConfigurationPlatforms) = postSolution
		{45C35444-03AD-4006-9604-20A9B3297223}.Code Analysis|Any CPU.ActiveCfg = Release|Any CPU
		{45C35444-03AD-4006-9604-20A9B3297223}.Code Analysis|Any CPU.Build.0 = Release|Any CPU
		{45C35444-03AD-4006-9604-20A9B3297223}.Code Analysis|x64.ActiveCfg = Release|Any CPU
		{45C35444-03AD-4006-9604-20A9B3297223}.Code Analysis|x64.Build.0 = Release|Any CPU
		{45C35444-03AD-4006-9604-20A9B3297223}.Code Analysis|x86.ActiveCfg = Release|Any CPU
		{45C35444-03AD-4006-9604-20A9B3297223}.Code Analysis|x86.Build.0 = Release|Any CPU
		{45C35444-03AD-4006-9604-20A9B3297223}.Debug|Any CPU.ActiveCfg = Debug|Any CPU
		{45C35444-03AD-4006-9604-20A9B3297223}.Debug|Any CPU.Build.0 = Debug|Any CPU
		{45C35444-03AD-4006-9604-20A9B3297223}.Debug|x64.ActiveCfg = Debug|Any CPU
		{45C35444-03AD-4006-9604-20A9B3297223}.Debug|x64.Build.0 = Debug|Any CPU
		{45C35444-03AD-4006-9604-20A9B3297223}.Debug|x86.ActiveCfg = Debug|Any CPU
		{45C35444-03AD-4006-9604-20A9B3297223}.Debug|x86.Build.0 = Debug|Any CPU
		{45C35444-03AD-4006-9604-20A9B3297223}.Evaluation|Any CPU.ActiveCfg = Release|Any CPU
		{45C35444-03AD-4006-9604-20A9B3297223}.Evaluation|Any CPU.Build.0 = Release|Any CPU
		{45C35444-03AD-4006-9604-20A9B3297223}.Evaluation|x64.ActiveCfg = Release|Any CPU
		{45C35444-03AD-4006-9604-20A9B3297223}.Evaluation|x64.Build.0 = Release|Any CPU
		{45C35444-03AD-4006-9604-20A9B3297223}.Evaluation|x86.ActiveCfg = Release|Any CPU
		{45C35444-03AD-4006-9604-20A9B3297223}.Evaluation|x86.Build.0 = Release|Any CPU
		{45C35444-03AD-4006-9604-20A9B3297223}.FileLicense|Any CPU.ActiveCfg = Release|Any CPU
		{45C35444-03AD-4006-9604-20A9B3297223}.FileLicense|Any CPU.Build.0 = Release|Any CPU
		{45C35444-03AD-4006-9604-20A9B3297223}.FileLicense|x64.ActiveCfg = Release|Any CPU
		{45C35444-03AD-4006-9604-20A9B3297223}.FileLicense|x64.Build.0 = Release|Any CPU
		{45C35444-03AD-4006-9604-20A9B3297223}.FileLicense|x86.ActiveCfg = Release|Any CPU
		{45C35444-03AD-4006-9604-20A9B3297223}.FileLicense|x86.Build.0 = Release|Any CPU
		{45C35444-03AD-4006-9604-20A9B3297223}.Full|Any CPU.ActiveCfg = Release|Any CPU
		{45C35444-03AD-4006-9604-20A9B3297223}.Full|Any CPU.Build.0 = Release|Any CPU
		{45C35444-03AD-4006-9604-20A9B3297223}.Full|x64.ActiveCfg = Release|Any CPU
		{45C35444-03AD-4006-9604-20A9B3297223}.Full|x64.Build.0 = Release|Any CPU
		{45C35444-03AD-4006-9604-20A9B3297223}.Full|x86.ActiveCfg = Release|Any CPU
		{45C35444-03AD-4006-9604-20A9B3297223}.Full|x86.Build.0 = Release|Any CPU
		{45C35444-03AD-4006-9604-20A9B3297223}.GISEditorUnitTest|Any CPU.ActiveCfg = Release|Any CPU
		{45C35444-03AD-4006-9604-20A9B3297223}.GISEditorUnitTest|Any CPU.Build.0 = Release|Any CPU
		{45C35444-03AD-4006-9604-20A9B3297223}.GISEditorUnitTest|x64.ActiveCfg = Release|Any CPU
		{45C35444-03AD-4006-9604-20A9B3297223}.GISEditorUnitTest|x64.Build.0 = Release|Any CPU
		{45C35444-03AD-4006-9604-20A9B3297223}.GISEditorUnitTest|x86.ActiveCfg = Release|Any CPU
		{45C35444-03AD-4006-9604-20A9B3297223}.GISEditorUnitTest|x86.Build.0 = Release|Any CPU
		{45C35444-03AD-4006-9604-20A9B3297223}.Multithread|Any CPU.ActiveCfg = Release|Any CPU
		{45C35444-03AD-4006-9604-20A9B3297223}.Multithread|Any CPU.Build.0 = Release|Any CPU
		{45C35444-03AD-4006-9604-20A9B3297223}.Multithread|x64.ActiveCfg = Release|Any CPU
		{45C35444-03AD-4006-9604-20A9B3297223}.Multithread|x64.Build.0 = Release|Any CPU
		{45C35444-03AD-4006-9604-20A9B3297223}.Multithread|x86.ActiveCfg = Release|Any CPU
		{45C35444-03AD-4006-9604-20A9B3297223}.Multithread|x86.Build.0 = Release|Any CPU
		{45C35444-03AD-4006-9604-20A9B3297223}.newBuildOption|Any CPU.ActiveCfg = Release|Any CPU
		{45C35444-03AD-4006-9604-20A9B3297223}.newBuildOption|Any CPU.Build.0 = Release|Any CPU
		{45C35444-03AD-4006-9604-20A9B3297223}.newBuildOption|x64.ActiveCfg = Release|Any CPU
		{45C35444-03AD-4006-9604-20A9B3297223}.newBuildOption|x64.Build.0 = Release|Any CPU
		{45C35444-03AD-4006-9604-20A9B3297223}.newBuildOption|x86.ActiveCfg = Release|Any CPU
		{45C35444-03AD-4006-9604-20A9B3297223}.newBuildOption|x86.Build.0 = Release|Any CPU
		{45C35444-03AD-4006-9604-20A9B3297223}.Performance|Any CPU.ActiveCfg = Release|Any CPU
		{45C35444-03AD-4006-9604-20A9B3297223}.Performance|Any CPU.Build.0 = Release|Any CPU
		{45C35444-03AD-4006-9604-20A9B3297223}.Performance|x64.ActiveCfg = Release|Any CPU
		{45C35444-03AD-4006-9604-20A9B3297223}.Performance|x64.Build.0 = Release|Any CPU
		{45C35444-03AD-4006-9604-20A9B3297223}.Performance|x86.ActiveCfg = Release|Any CPU
		{45C35444-03AD-4006-9604-20A9B3297223}.Performance|x86.Build.0 = Release|Any CPU
		{45C35444-03AD-4006-9604-20A9B3297223}.ReadOnly|Any CPU.ActiveCfg = Release|Any CPU
		{45C35444-03AD-4006-9604-20A9B3297223}.ReadOnly|Any CPU.Build.0 = Release|Any CPU
		{45C35444-03AD-4006-9604-20A9B3297223}.ReadOnly|x64.ActiveCfg = Release|Any CPU
		{45C35444-03AD-4006-9604-20A9B3297223}.ReadOnly|x64.Build.0 = Release|Any CPU
		{45C35444-03AD-4006-9604-20A9B3297223}.ReadOnly|x86.ActiveCfg = Release|Any CPU
		{45C35444-03AD-4006-9604-20A9B3297223}.ReadOnly|x86.Build.0 = Release|Any CPU
		{45C35444-03AD-4006-9604-20A9B3297223}.Release|Any CPU.ActiveCfg = Release|Any CPU
		{45C35444-03AD-4006-9604-20A9B3297223}.Release|Any CPU.Build.0 = Release|Any CPU
		{45C35444-03AD-4006-9604-20A9B3297223}.Release|x64.ActiveCfg = Release|Any CPU
		{45C35444-03AD-4006-9604-20A9B3297223}.Release|x64.Build.0 = Release|Any CPU
		{45C35444-03AD-4006-9604-20A9B3297223}.Release|x86.ActiveCfg = Release|Any CPU
		{45C35444-03AD-4006-9604-20A9B3297223}.Release|x86.Build.0 = Release|Any CPU
		{45C35444-03AD-4006-9604-20A9B3297223}.RoutingFull|Any CPU.ActiveCfg = Release|Any CPU
		{45C35444-03AD-4006-9604-20A9B3297223}.RoutingFull|Any CPU.Build.0 = Release|Any CPU
		{45C35444-03AD-4006-9604-20A9B3297223}.RoutingFull|x64.ActiveCfg = Release|Any CPU
		{45C35444-03AD-4006-9604-20A9B3297223}.RoutingFull|x64.Build.0 = Release|Any CPU
		{45C35444-03AD-4006-9604-20A9B3297223}.RoutingFull|x86.ActiveCfg = Release|Any CPU
		{45C35444-03AD-4006-9604-20A9B3297223}.RoutingFull|x86.Build.0 = Release|Any CPU
		{45C35444-03AD-4006-9604-20A9B3297223}.RunTime|Any CPU.ActiveCfg = Release|Any CPU
		{45C35444-03AD-4006-9604-20A9B3297223}.RunTime|Any CPU.Build.0 = Release|Any CPU
		{45C35444-03AD-4006-9604-20A9B3297223}.RunTime|x64.ActiveCfg = Release|Any CPU
		{45C35444-03AD-4006-9604-20A9B3297223}.RunTime|x64.Build.0 = Release|Any CPU
		{45C35444-03AD-4006-9604-20A9B3297223}.RunTime|x86.ActiveCfg = Release|Any CPU
		{45C35444-03AD-4006-9604-20A9B3297223}.RunTime|x86.Build.0 = Release|Any CPU
		{45C35444-03AD-4006-9604-20A9B3297223}.TGLICENSE|Any CPU.ActiveCfg = Release|Any CPU
		{45C35444-03AD-4006-9604-20A9B3297223}.TGLICENSE|Any CPU.Build.0 = Release|Any CPU
		{45C35444-03AD-4006-9604-20A9B3297223}.TGLICENSE|x64.ActiveCfg = Release|Any CPU
		{45C35444-03AD-4006-9604-20A9B3297223}.TGLICENSE|x64.Build.0 = Release|Any CPU
		{45C35444-03AD-4006-9604-20A9B3297223}.TGLICENSE|x86.ActiveCfg = Release|Any CPU
		{45C35444-03AD-4006-9604-20A9B3297223}.TGLICENSE|x86.Build.0 = Release|Any CPU
		{45C35444-03AD-4006-9604-20A9B3297223}.ThreadPoolEx|Any CPU.ActiveCfg = Release|Any CPU
		{45C35444-03AD-4006-9604-20A9B3297223}.ThreadPoolEx|Any CPU.Build.0 = Release|Any CPU
		{45C35444-03AD-4006-9604-20A9B3297223}.ThreadPoolEx|x64.ActiveCfg = Release|Any CPU
		{45C35444-03AD-4006-9604-20A9B3297223}.ThreadPoolEx|x64.Build.0 = Release|Any CPU
		{45C35444-03AD-4006-9604-20A9B3297223}.ThreadPoolEx|x86.ActiveCfg = Release|Any CPU
		{45C35444-03AD-4006-9604-20A9B3297223}.ThreadPoolEx|x86.Build.0 = Release|Any CPU
		{B7F0F611-F250-4568-9F42-54A1F4F84CFF}.Code Analysis|Any CPU.ActiveCfg = Release|Any CPU
		{B7F0F611-F250-4568-9F42-54A1F4F84CFF}.Code Analysis|Any CPU.Build.0 = Release|Any CPU
		{B7F0F611-F250-4568-9F42-54A1F4F84CFF}.Code Analysis|x64.ActiveCfg = Release|Any CPU
		{B7F0F611-F250-4568-9F42-54A1F4F84CFF}.Code Analysis|x86.ActiveCfg = Release|Any CPU
		{B7F0F611-F250-4568-9F42-54A1F4F84CFF}.Debug|Any CPU.ActiveCfg = Debug|Any CPU
		{B7F0F611-F250-4568-9F42-54A1F4F84CFF}.Debug|Any CPU.Build.0 = Debug|Any CPU
		{B7F0F611-F250-4568-9F42-54A1F4F84CFF}.Debug|x64.ActiveCfg = Debug|Any CPU
		{B7F0F611-F250-4568-9F42-54A1F4F84CFF}.Debug|x86.ActiveCfg = Debug|Any CPU
		{B7F0F611-F250-4568-9F42-54A1F4F84CFF}.Evaluation|Any CPU.ActiveCfg = Release|Any CPU
		{B7F0F611-F250-4568-9F42-54A1F4F84CFF}.Evaluation|Any CPU.Build.0 = Release|Any CPU
		{B7F0F611-F250-4568-9F42-54A1F4F84CFF}.Evaluation|x64.ActiveCfg = Release|Any CPU
		{B7F0F611-F250-4568-9F42-54A1F4F84CFF}.Evaluation|x86.ActiveCfg = Release|Any CPU
		{B7F0F611-F250-4568-9F42-54A1F4F84CFF}.FileLicense|Any CPU.ActiveCfg = Release|Any CPU
		{B7F0F611-F250-4568-9F42-54A1F4F84CFF}.FileLicense|Any CPU.Build.0 = Release|Any CPU
		{B7F0F611-F250-4568-9F42-54A1F4F84CFF}.FileLicense|x64.ActiveCfg = Release|Any CPU
		{B7F0F611-F250-4568-9F42-54A1F4F84CFF}.FileLicense|x86.ActiveCfg = Release|Any CPU
		{B7F0F611-F250-4568-9F42-54A1F4F84CFF}.Full|Any CPU.ActiveCfg = Release|Any CPU
		{B7F0F611-F250-4568-9F42-54A1F4F84CFF}.Full|Any CPU.Build.0 = Release|Any CPU
		{B7F0F611-F250-4568-9F42-54A1F4F84CFF}.Full|x64.ActiveCfg = Release|Any CPU
		{B7F0F611-F250-4568-9F42-54A1F4F84CFF}.Full|x86.ActiveCfg = Release|Any CPU
		{B7F0F611-F250-4568-9F42-54A1F4F84CFF}.GISEditorUnitTest|Any CPU.ActiveCfg = Release|Any CPU
		{B7F0F611-F250-4568-9F42-54A1F4F84CFF}.GISEditorUnitTest|Any CPU.Build.0 = Release|Any CPU
		{B7F0F611-F250-4568-9F42-54A1F4F84CFF}.GISEditorUnitTest|x64.ActiveCfg = Release|Any CPU
		{B7F0F611-F250-4568-9F42-54A1F4F84CFF}.GISEditorUnitTest|x86.ActiveCfg = Release|Any CPU
		{B7F0F611-F250-4568-9F42-54A1F4F84CFF}.Multithread|Any CPU.ActiveCfg = Release|Any CPU
		{B7F0F611-F250-4568-9F42-54A1F4F84CFF}.Multithread|Any CPU.Build.0 = Release|Any CPU
		{B7F0F611-F250-4568-9F42-54A1F4F84CFF}.Multithread|x64.ActiveCfg = Release|Any CPU
		{B7F0F611-F250-4568-9F42-54A1F4F84CFF}.Multithread|x86.ActiveCfg = Release|Any CPU
		{B7F0F611-F250-4568-9F42-54A1F4F84CFF}.newBuildOption|Any CPU.ActiveCfg = Release|Any CPU
		{B7F0F611-F250-4568-9F42-54A1F4F84CFF}.newBuildOption|Any CPU.Build.0 = Release|Any CPU
		{B7F0F611-F250-4568-9F42-54A1F4F84CFF}.newBuildOption|x64.ActiveCfg = Release|Any CPU
		{B7F0F611-F250-4568-9F42-54A1F4F84CFF}.newBuildOption|x86.ActiveCfg = Release|Any CPU
		{B7F0F611-F250-4568-9F42-54A1F4F84CFF}.Performance|Any CPU.ActiveCfg = Release|Any CPU
		{B7F0F611-F250-4568-9F42-54A1F4F84CFF}.Performance|Any CPU.Build.0 = Release|Any CPU
		{B7F0F611-F250-4568-9F42-54A1F4F84CFF}.Performance|x64.ActiveCfg = Release|Any CPU
		{B7F0F611-F250-4568-9F42-54A1F4F84CFF}.Performance|x86.ActiveCfg = Release|Any CPU
		{B7F0F611-F250-4568-9F42-54A1F4F84CFF}.ReadOnly|Any CPU.ActiveCfg = Release|Any CPU
		{B7F0F611-F250-4568-9F42-54A1F4F84CFF}.ReadOnly|Any CPU.Build.0 = Release|Any CPU
		{B7F0F611-F250-4568-9F42-54A1F4F84CFF}.ReadOnly|x64.ActiveCfg = Release|Any CPU
		{B7F0F611-F250-4568-9F42-54A1F4F84CFF}.ReadOnly|x86.ActiveCfg = Release|Any CPU
		{B7F0F611-F250-4568-9F42-54A1F4F84CFF}.Release|Any CPU.ActiveCfg = Release|Any CPU
		{B7F0F611-F250-4568-9F42-54A1F4F84CFF}.Release|Any CPU.Build.0 = Release|Any CPU
		{B7F0F611-F250-4568-9F42-54A1F4F84CFF}.Release|x64.ActiveCfg = Release|Any CPU
		{B7F0F611-F250-4568-9F42-54A1F4F84CFF}.Release|x86.ActiveCfg = Release|Any CPU
		{B7F0F611-F250-4568-9F42-54A1F4F84CFF}.RoutingFull|Any CPU.ActiveCfg = Release|Any CPU
		{B7F0F611-F250-4568-9F42-54A1F4F84CFF}.RoutingFull|Any CPU.Build.0 = Release|Any CPU
		{B7F0F611-F250-4568-9F42-54A1F4F84CFF}.RoutingFull|x64.ActiveCfg = Release|Any CPU
		{B7F0F611-F250-4568-9F42-54A1F4F84CFF}.RoutingFull|x86.ActiveCfg = Release|Any CPU
		{B7F0F611-F250-4568-9F42-54A1F4F84CFF}.RunTime|Any CPU.ActiveCfg = Release|Any CPU
		{B7F0F611-F250-4568-9F42-54A1F4F84CFF}.RunTime|Any CPU.Build.0 = Release|Any CPU
		{B7F0F611-F250-4568-9F42-54A1F4F84CFF}.RunTime|x64.ActiveCfg = Release|Any CPU
		{B7F0F611-F250-4568-9F42-54A1F4F84CFF}.RunTime|x86.ActiveCfg = Release|Any CPU
		{B7F0F611-F250-4568-9F42-54A1F4F84CFF}.TGLICENSE|Any CPU.ActiveCfg = Release|Any CPU
		{B7F0F611-F250-4568-9F42-54A1F4F84CFF}.TGLICENSE|Any CPU.Build.0 = Release|Any CPU
		{B7F0F611-F250-4568-9F42-54A1F4F84CFF}.TGLICENSE|x64.ActiveCfg = Release|Any CPU
		{B7F0F611-F250-4568-9F42-54A1F4F84CFF}.TGLICENSE|x86.ActiveCfg = Release|Any CPU
		{B7F0F611-F250-4568-9F42-54A1F4F84CFF}.ThreadPoolEx|Any CPU.ActiveCfg = Release|Any CPU
		{B7F0F611-F250-4568-9F42-54A1F4F84CFF}.ThreadPoolEx|Any CPU.Build.0 = Release|Any CPU
		{B7F0F611-F250-4568-9F42-54A1F4F84CFF}.ThreadPoolEx|x64.ActiveCfg = Release|Any CPU
		{B7F0F611-F250-4568-9F42-54A1F4F84CFF}.ThreadPoolEx|x86.ActiveCfg = Release|Any CPU
	EndGlobalSection
	GlobalSection(SolutionProperties) = preSolution
		HideSolutionNode = FALSE
	EndGlobalSection
EndGlobal
