
Microsoft Visual Studio Solution File, Format Version 12.00
# Visual Studio 15
VisualStudioVersion = 15.0.28307.168
MinimumVisualStudioVersion = 10.0.40219.1
Project("{FAE04EC0-301F-11D3-BF4B-00C04F79EFBC}") = "ThinkGeoCloudReverseGeocoding", "ThinkGeoCloudReverseGeocoding\ThinkGeoCloudReverseGeocoding.csproj", "{B51B8F05-6A14-46FC-99B1-2C24F7861D56}"
EndProject
Global
	GlobalSection(SolutionConfigurationPlatforms) = preSolution
		Debug|Any CPU = Debug|Any CPU
		Release|Any CPU = Release|Any CPU
	EndGlobalSection
	GlobalSection(ProjectConfigurationPlatforms) = postSolution
		{B51B8F05-6A14-46FC-99B1-2C24F7861D56}.Debug|Any CPU.ActiveCfg = Debug|Any CPU
		{B51B8F05-6A14-46FC-99B1-2C24F7861D56}.Debug|Any CPU.Build.0 = Debug|Any CPU
		{B51B8F05-6A14-46FC-99B1-2C24F7861D56}.Release|Any CPU.ActiveCfg = Release|Any CPU
		{B51B8F05-6A14-46FC-99B1-2C24F7861D56}.Release|Any CPU.Build.0 = Release|Any CPU
	EndGlobalSection
	GlobalSection(SolutionProperties) = preSolution
		HideSolutionNode = FALSE
	EndGlobalSection
	GlobalSection(ExtensibilityGlobals) = postSolution
		SolutionGuid = {224AEC6F-5889-4D7D-958E-B3B36ED151C0}
	EndGlobalSection
EndGlobal
