
Microsoft Visual Studio Solution File, Format Version 12.00
# Visual Studio 15
VisualStudioVersion = 15.0.28307.168
MinimumVisualStudioVersion = 10.0.40219.1
Project("{FAE04EC0-301F-11D3-BF4B-00C04F79EFBC}") = "ThinkGeoCloudGeocoding", "ThinkGeoCloudGeocoding\ThinkGeoCloudGeocoding.csproj", "{6B6BA832-F21E-425C-975F-4BE10225B7F7}"
EndProject
Global
	GlobalSection(SolutionConfigurationPlatforms) = preSolution
		Debug|Any CPU = Debug|Any CPU
		Release|Any CPU = Release|Any CPU
	EndGlobalSection
	GlobalSection(ProjectConfigurationPlatforms) = postSolution
		{6B6BA832-F21E-425C-975F-4BE10225B7F7}.Debug|Any CPU.ActiveCfg = Debug|Any CPU
		{6B6BA832-F21E-425C-975F-4BE10225B7F7}.Debug|Any CPU.Build.0 = Debug|Any CPU
		{6B6BA832-F21E-425C-975F-4BE10225B7F7}.Release|Any CPU.ActiveCfg = Release|Any CPU
		{6B6BA832-F21E-425C-975F-4BE10225B7F7}.Release|Any CPU.Build.0 = Release|Any CPU
	EndGlobalSection
	GlobalSection(SolutionProperties) = preSolution
		HideSolutionNode = FALSE
	EndGlobalSection
	GlobalSection(ExtensibilityGlobals) = postSolution
		SolutionGuid = {EA31A2B4-9160-481E-B65E-4408D23B8FD3}
	EndGlobalSection
EndGlobal
