
Microsoft Visual Studio Solution File, Format Version 12.00
# Visual Studio 15
VisualStudioVersion = 15.0.28307.168
MinimumVisualStudioVersion = 10.0.40219.1
Project("{FAE04EC0-301F-11D3-BF4B-00C04F79EFBC}") = "ThinkGeoCloudElevation", "ThinkGeoCloudElevation\ThinkGeoCloudElevation.csproj", "{C7A0DCE2-4651-46E5-8BF4-839DE41D3B73}"
EndProject
Global
	GlobalSection(SolutionConfigurationPlatforms) = preSolution
		Debug|Any CPU = Debug|Any CPU
		Release|Any CPU = Release|Any CPU
	EndGlobalSection
	GlobalSection(ProjectConfigurationPlatforms) = postSolution
		{C7A0DCE2-4651-46E5-8BF4-839DE41D3B73}.Debug|Any CPU.ActiveCfg = Debug|Any CPU
		{C7A0DCE2-4651-46E5-8BF4-839DE41D3B73}.Debug|Any CPU.Build.0 = Debug|Any CPU
		{C7A0DCE2-4651-46E5-8BF4-839DE41D3B73}.Release|Any CPU.ActiveCfg = Release|Any CPU
		{C7A0DCE2-4651-46E5-8BF4-839DE41D3B73}.Release|Any CPU.Build.0 = Release|Any CPU
	EndGlobalSection
	GlobalSection(SolutionProperties) = preSolution
		HideSolutionNode = FALSE
	EndGlobalSection
	GlobalSection(ExtensibilityGlobals) = postSolution
		SolutionGuid = {5B66EF22-F9AC-4464-8B4C-C6C36CB6C61A}
	EndGlobalSection
EndGlobal
