
Microsoft Visual Studio Solution File, Format Version 12.00
# Visual Studio 14
VisualStudioVersion = 14.0.25123.0
MinimumVisualStudioVersion = 10.0.40219.1
Project("{FAE04EC0-301F-11D3-BF4B-00C04F79EFBC}") = "WorldMapKitDataExtractor", "WorldMapKitDataExtractor\WorldMapKitDataExtractor.csproj", "{409A0B69-0E5D-4E0D-95F5-66B29418F8D0}"
EndProject
Project("{FAE04EC0-301F-11D3-BF4B-00C04F79EFBC}") = "WorldStreetsLayerSDK", "WorldStreetsLayerSDK\WorldStreetsLayerSDK.csproj", "{E11D59CC-7477-43C0-8ECE-E8A126061F46}"
EndProject
Global
	GlobalSection(SolutionConfigurationPlatforms) = preSolution
		Code Analysis|Any CPU = Code Analysis|Any CPU
		Code Analysis|x64 = Code Analysis|x64
		Code Analysis|x86 = Code Analysis|x86
		Debug|Any CPU = Debug|Any CPU
		Debug|x64 = Debug|x64
		Debug|x86 = Debug|x86
		Evaluation|Any CPU = Evaluation|Any CPU
		Evaluation|x64 = Evaluation|x64
		Evaluation|x86 = Evaluation|x86
		FileLicense|Any CPU = FileLicense|Any CPU
		FileLicense|x64 = FileLicense|x64
		FileLicense|x86 = FileLicense|x86
		Full|Any CPU = Full|Any CPU
		Full|x64 = Full|x64
		Full|x86 = Full|x86
		GISEditorUnitTest|Any CPU = GISEditorUnitTest|Any CPU
		GISEditorUnitTest|x64 = GISEditorUnitTest|x64
		GISEditorUnitTest|x86 = GISEditorUnitTest|x86
		McNally|Any CPU = McNally|Any CPU
		McNally|x64 = McNally|x64
		McNally|x86 = McNally|x86
		newBuildOption|Any CPU = newBuildOption|Any CPU
		newBuildOption|x64 = newBuildOption|x64
		newBuildOption|x86 = newBuildOption|x86
		Performance|Any CPU = Performance|Any CPU
		Performance|x64 = Performance|x64
		Performance|x86 = Performance|x86
		ReadOnly|Any CPU = ReadOnly|Any CPU
		ReadOnly|x64 = ReadOnly|x64
		ReadOnly|x86 = ReadOnly|x86
		Release|Any CPU = Release|Any CPU
		Release|x64 = Release|x64
		Release|x86 = Release|x86
		RoutingFull|Any CPU = RoutingFull|Any CPU
		RoutingFull|x64 = RoutingFull|x64
		RoutingFull|x86 = RoutingFull|x86
		RunTime|Any CPU = RunTime|Any CPU
		RunTime|x64 = RunTime|x64
		RunTime|x86 = RunTime|x86
		TGLICENSE|Any CPU = TGLICENSE|Any CPU
		TGLICENSE|x64 = TGLICENSE|x64
		TGLICENSE|x86 = TGLICENSE|x86
	EndGlobalSection
	GlobalSection(ProjectConfigurationPlatforms) = postSolution
		{409A0B69-0E5D-4E0D-95F5-66B29418F8D0}.Code Analysis|Any CPU.ActiveCfg = Release|Any CPU
		{409A0B69-0E5D-4E0D-95F5-66B29418F8D0}.Code Analysis|Any CPU.Build.0 = Release|Any CPU
		{409A0B69-0E5D-4E0D-95F5-66B29418F8D0}.Code Analysis|x64.ActiveCfg = Release|Any CPU
		{409A0B69-0E5D-4E0D-95F5-66B29418F8D0}.Code Analysis|x64.Build.0 = Release|Any CPU
		{409A0B69-0E5D-4E0D-95F5-66B29418F8D0}.Code Analysis|x86.ActiveCfg = Release|Any CPU
		{409A0B69-0E5D-4E0D-95F5-66B29418F8D0}.Code Analysis|x86.Build.0 = Release|Any CPU
		{409A0B69-0E5D-4E0D-95F5-66B29418F8D0}.Debug|Any CPU.ActiveCfg = Debug|Any CPU
		{409A0B69-0E5D-4E0D-95F5-66B29418F8D0}.Debug|Any CPU.Build.0 = Debug|Any CPU
		{409A0B69-0E5D-4E0D-95F5-66B29418F8D0}.Debug|x64.ActiveCfg = Debug|Any CPU
		{409A0B69-0E5D-4E0D-95F5-66B29418F8D0}.Debug|x64.Build.0 = Debug|Any CPU
		{409A0B69-0E5D-4E0D-95F5-66B29418F8D0}.Debug|x86.ActiveCfg = Debug|Any CPU
		{409A0B69-0E5D-4E0D-95F5-66B29418F8D0}.Debug|x86.Build.0 = Debug|Any CPU
		{409A0B69-0E5D-4E0D-95F5-66B29418F8D0}.Evaluation|Any CPU.ActiveCfg = Release|Any CPU
		{409A0B69-0E5D-4E0D-95F5-66B29418F8D0}.Evaluation|Any CPU.Build.0 = Release|Any CPU
		{409A0B69-0E5D-4E0D-95F5-66B29418F8D0}.Evaluation|x64.ActiveCfg = Release|Any CPU
		{409A0B69-0E5D-4E0D-95F5-66B29418F8D0}.Evaluation|x64.Build.0 = Release|Any CPU
		{409A0B69-0E5D-4E0D-95F5-66B29418F8D0}.Evaluation|x86.ActiveCfg = Release|Any CPU
		{409A0B69-0E5D-4E0D-95F5-66B29418F8D0}.Evaluation|x86.Build.0 = Release|Any CPU
		{409A0B69-0E5D-4E0D-95F5-66B29418F8D0}.FileLicense|Any CPU.ActiveCfg = Release|Any CPU
		{409A0B69-0E5D-4E0D-95F5-66B29418F8D0}.FileLicense|Any CPU.Build.0 = Release|Any CPU
		{409A0B69-0E5D-4E0D-95F5-66B29418F8D0}.FileLicense|x64.ActiveCfg = Release|Any CPU
		{409A0B69-0E5D-4E0D-95F5-66B29418F8D0}.FileLicense|x64.Build.0 = Release|Any CPU
		{409A0B69-0E5D-4E0D-95F5-66B29418F8D0}.FileLicense|x86.ActiveCfg = Release|Any CPU
		{409A0B69-0E5D-4E0D-95F5-66B29418F8D0}.FileLicense|x86.Build.0 = Release|Any CPU
		{409A0B69-0E5D-4E0D-95F5-66B29418F8D0}.Full|Any CPU.ActiveCfg = Release|Any CPU
		{409A0B69-0E5D-4E0D-95F5-66B29418F8D0}.Full|Any CPU.Build.0 = Release|Any CPU
		{409A0B69-0E5D-4E0D-95F5-66B29418F8D0}.Full|x64.ActiveCfg = Release|Any CPU
		{409A0B69-0E5D-4E0D-95F5-66B29418F8D0}.Full|x64.Build.0 = Release|Any CPU
		{409A0B69-0E5D-4E0D-95F5-66B29418F8D0}.Full|x86.ActiveCfg = Release|Any CPU
		{409A0B69-0E5D-4E0D-95F5-66B29418F8D0}.Full|x86.Build.0 = Release|Any CPU
		{409A0B69-0E5D-4E0D-95F5-66B29418F8D0}.GISEditorUnitTest|Any CPU.ActiveCfg = Release|Any CPU
		{409A0B69-0E5D-4E0D-95F5-66B29418F8D0}.GISEditorUnitTest|Any CPU.Build.0 = Release|Any CPU
		{409A0B69-0E5D-4E0D-95F5-66B29418F8D0}.GISEditorUnitTest|x64.ActiveCfg = Release|Any CPU
		{409A0B69-0E5D-4E0D-95F5-66B29418F8D0}.GISEditorUnitTest|x64.Build.0 = Release|Any CPU
		{409A0B69-0E5D-4E0D-95F5-66B29418F8D0}.GISEditorUnitTest|x86.ActiveCfg = Release|Any CPU
		{409A0B69-0E5D-4E0D-95F5-66B29418F8D0}.GISEditorUnitTest|x86.Build.0 = Release|Any CPU
		{409A0B69-0E5D-4E0D-95F5-66B29418F8D0}.McNally|Any CPU.ActiveCfg = Release|Any CPU
		{409A0B69-0E5D-4E0D-95F5-66B29418F8D0}.McNally|Any CPU.Build.0 = Release|Any CPU
		{409A0B69-0E5D-4E0D-95F5-66B29418F8D0}.McNally|x64.ActiveCfg = Release|Any CPU
		{409A0B69-0E5D-4E0D-95F5-66B29418F8D0}.McNally|x64.Build.0 = Release|Any CPU
		{409A0B69-0E5D-4E0D-95F5-66B29418F8D0}.McNally|x86.ActiveCfg = Release|Any CPU
		{409A0B69-0E5D-4E0D-95F5-66B29418F8D0}.McNally|x86.Build.0 = Release|Any CPU
		{409A0B69-0E5D-4E0D-95F5-66B29418F8D0}.newBuildOption|Any CPU.ActiveCfg = Release|Any CPU
		{409A0B69-0E5D-4E0D-95F5-66B29418F8D0}.newBuildOption|Any CPU.Build.0 = Release|Any CPU
		{409A0B69-0E5D-4E0D-95F5-66B29418F8D0}.newBuildOption|x64.ActiveCfg = Release|Any CPU
		{409A0B69-0E5D-4E0D-95F5-66B29418F8D0}.newBuildOption|x64.Build.0 = Release|Any CPU
		{409A0B69-0E5D-4E0D-95F5-66B29418F8D0}.newBuildOption|x86.ActiveCfg = Release|Any CPU
		{409A0B69-0E5D-4E0D-95F5-66B29418F8D0}.newBuildOption|x86.Build.0 = Release|Any CPU
		{409A0B69-0E5D-4E0D-95F5-66B29418F8D0}.Performance|Any CPU.ActiveCfg = Release|Any CPU
		{409A0B69-0E5D-4E0D-95F5-66B29418F8D0}.Performance|Any CPU.Build.0 = Release|Any CPU
		{409A0B69-0E5D-4E0D-95F5-66B29418F8D0}.Performance|x64.ActiveCfg = Release|Any CPU
		{409A0B69-0E5D-4E0D-95F5-66B29418F8D0}.Performance|x64.Build.0 = Release|Any CPU
		{409A0B69-0E5D-4E0D-95F5-66B29418F8D0}.Performance|x86.ActiveCfg = Release|Any CPU
		{409A0B69-0E5D-4E0D-95F5-66B29418F8D0}.Performance|x86.Build.0 = Release|Any CPU
		{409A0B69-0E5D-4E0D-95F5-66B29418F8D0}.ReadOnly|Any CPU.ActiveCfg = Release|Any CPU
		{409A0B69-0E5D-4E0D-95F5-66B29418F8D0}.ReadOnly|Any CPU.Build.0 = Release|Any CPU
		{409A0B69-0E5D-4E0D-95F5-66B29418F8D0}.ReadOnly|x64.ActiveCfg = Release|Any CPU
		{409A0B69-0E5D-4E0D-95F5-66B29418F8D0}.ReadOnly|x64.Build.0 = Release|Any CPU
		{409A0B69-0E5D-4E0D-95F5-66B29418F8D0}.ReadOnly|x86.ActiveCfg = Release|Any CPU
		{409A0B69-0E5D-4E0D-95F5-66B29418F8D0}.ReadOnly|x86.Build.0 = Release|Any CPU
		{409A0B69-0E5D-4E0D-95F5-66B29418F8D0}.Release|Any CPU.ActiveCfg = Release|Any CPU
		{409A0B69-0E5D-4E0D-95F5-66B29418F8D0}.Release|Any CPU.Build.0 = Release|Any CPU
		{409A0B69-0E5D-4E0D-95F5-66B29418F8D0}.Release|x64.ActiveCfg = Release|Any CPU
		{409A0B69-0E5D-4E0D-95F5-66B29418F8D0}.Release|x64.Build.0 = Release|Any CPU
		{409A0B69-0E5D-4E0D-95F5-66B29418F8D0}.Release|x86.ActiveCfg = Release|Any CPU
		{409A0B69-0E5D-4E0D-95F5-66B29418F8D0}.Release|x86.Build.0 = Release|Any CPU
		{409A0B69-0E5D-4E0D-95F5-66B29418F8D0}.RoutingFull|Any CPU.ActiveCfg = Release|Any CPU
		{409A0B69-0E5D-4E0D-95F5-66B29418F8D0}.RoutingFull|Any CPU.Build.0 = Release|Any CPU
		{409A0B69-0E5D-4E0D-95F5-66B29418F8D0}.RoutingFull|x64.ActiveCfg = Release|Any CPU
		{409A0B69-0E5D-4E0D-95F5-66B29418F8D0}.RoutingFull|x64.Build.0 = Release|Any CPU
		{409A0B69-0E5D-4E0D-95F5-66B29418F8D0}.RoutingFull|x86.ActiveCfg = Release|Any CPU
		{409A0B69-0E5D-4E0D-95F5-66B29418F8D0}.RoutingFull|x86.Build.0 = Release|Any CPU
		{409A0B69-0E5D-4E0D-95F5-66B29418F8D0}.RunTime|Any CPU.ActiveCfg = Release|Any CPU
		{409A0B69-0E5D-4E0D-95F5-66B29418F8D0}.RunTime|Any CPU.Build.0 = Release|Any CPU
		{409A0B69-0E5D-4E0D-95F5-66B29418F8D0}.RunTime|x64.ActiveCfg = Release|Any CPU
		{409A0B69-0E5D-4E0D-95F5-66B29418F8D0}.RunTime|x64.Build.0 = Release|Any CPU
		{409A0B69-0E5D-4E0D-95F5-66B29418F8D0}.RunTime|x86.ActiveCfg = Release|Any CPU
		{409A0B69-0E5D-4E0D-95F5-66B29418F8D0}.RunTime|x86.Build.0 = Release|Any CPU
		{409A0B69-0E5D-4E0D-95F5-66B29418F8D0}.TGLICENSE|Any CPU.ActiveCfg = Release|Any CPU
		{409A0B69-0E5D-4E0D-95F5-66B29418F8D0}.TGLICENSE|Any CPU.Build.0 = Release|Any CPU
		{409A0B69-0E5D-4E0D-95F5-66B29418F8D0}.TGLICENSE|x64.ActiveCfg = Release|Any CPU
		{409A0B69-0E5D-4E0D-95F5-66B29418F8D0}.TGLICENSE|x64.Build.0 = Release|Any CPU
		{409A0B69-0E5D-4E0D-95F5-66B29418F8D0}.TGLICENSE|x86.ActiveCfg = Release|Any CPU
		{409A0B69-0E5D-4E0D-95F5-66B29418F8D0}.TGLICENSE|x86.Build.0 = Release|Any CPU
		{E11D59CC-7477-43C0-8ECE-E8A126061F46}.Code Analysis|Any CPU.ActiveCfg = Release|Any CPU
		{E11D59CC-7477-43C0-8ECE-E8A126061F46}.Code Analysis|Any CPU.Build.0 = Release|Any CPU
		{E11D59CC-7477-43C0-8ECE-E8A126061F46}.Code Analysis|x64.ActiveCfg = Release|Any CPU
		{E11D59CC-7477-43C0-8ECE-E8A126061F46}.Code Analysis|x64.Build.0 = Release|Any CPU
		{E11D59CC-7477-43C0-8ECE-E8A126061F46}.Code Analysis|x86.ActiveCfg = Release|Any CPU
		{E11D59CC-7477-43C0-8ECE-E8A126061F46}.Code Analysis|x86.Build.0 = Release|Any CPU
		{E11D59CC-7477-43C0-8ECE-E8A126061F46}.Debug|Any CPU.ActiveCfg = Debug|Any CPU
		{E11D59CC-7477-43C0-8ECE-E8A126061F46}.Debug|Any CPU.Build.0 = Debug|Any CPU
		{E11D59CC-7477-43C0-8ECE-E8A126061F46}.Debug|x64.ActiveCfg = Debug|Any CPU
		{E11D59CC-7477-43C0-8ECE-E8A126061F46}.Debug|x64.Build.0 = Debug|Any CPU
		{E11D59CC-7477-43C0-8ECE-E8A126061F46}.Debug|x86.ActiveCfg = Debug|Any CPU
		{E11D59CC-7477-43C0-8ECE-E8A126061F46}.Debug|x86.Build.0 = Debug|Any CPU
		{E11D59CC-7477-43C0-8ECE-E8A126061F46}.Evaluation|Any CPU.ActiveCfg = Release|Any CPU
		{E11D59CC-7477-43C0-8ECE-E8A126061F46}.Evaluation|Any CPU.Build.0 = Release|Any CPU
		{E11D59CC-7477-43C0-8ECE-E8A126061F46}.Evaluation|x64.ActiveCfg = Release|Any CPU
		{E11D59CC-7477-43C0-8ECE-E8A126061F46}.Evaluation|x64.Build.0 = Release|Any CPU
		{E11D59CC-7477-43C0-8ECE-E8A126061F46}.Evaluation|x86.ActiveCfg = Release|Any CPU
		{E11D59CC-7477-43C0-8ECE-E8A126061F46}.Evaluation|x86.Build.0 = Release|Any CPU
		{E11D59CC-7477-43C0-8ECE-E8A126061F46}.FileLicense|Any CPU.ActiveCfg = Release|Any CPU
		{E11D59CC-7477-43C0-8ECE-E8A126061F46}.FileLicense|Any CPU.Build.0 = Release|Any CPU
		{E11D59CC-7477-43C0-8ECE-E8A126061F46}.FileLicense|x64.ActiveCfg = Release|Any CPU
		{E11D59CC-7477-43C0-8ECE-E8A126061F46}.FileLicense|x64.Build.0 = Release|Any CPU
		{E11D59CC-7477-43C0-8ECE-E8A126061F46}.FileLicense|x86.ActiveCfg = Release|Any CPU
		{E11D59CC-7477-43C0-8ECE-E8A126061F46}.FileLicense|x86.Build.0 = Release|Any CPU
		{E11D59CC-7477-43C0-8ECE-E8A126061F46}.Full|Any CPU.ActiveCfg = Release|Any CPU
		{E11D59CC-7477-43C0-8ECE-E8A126061F46}.Full|Any CPU.Build.0 = Release|Any CPU
		{E11D59CC-7477-43C0-8ECE-E8A126061F46}.Full|x64.ActiveCfg = Release|Any CPU
		{E11D59CC-7477-43C0-8ECE-E8A126061F46}.Full|x64.Build.0 = Release|Any CPU
		{E11D59CC-7477-43C0-8ECE-E8A126061F46}.Full|x86.ActiveCfg = Release|Any CPU
		{E11D59CC-7477-43C0-8ECE-E8A126061F46}.Full|x86.Build.0 = Release|Any CPU
		{E11D59CC-7477-43C0-8ECE-E8A126061F46}.GISEditorUnitTest|Any CPU.ActiveCfg = Release|Any CPU
		{E11D59CC-7477-43C0-8ECE-E8A126061F46}.GISEditorUnitTest|Any CPU.Build.0 = Release|Any CPU
		{E11D59CC-7477-43C0-8ECE-E8A126061F46}.GISEditorUnitTest|x64.ActiveCfg = Release|Any CPU
		{E11D59CC-7477-43C0-8ECE-E8A126061F46}.GISEditorUnitTest|x64.Build.0 = Release|Any CPU
		{E11D59CC-7477-43C0-8ECE-E8A126061F46}.GISEditorUnitTest|x86.ActiveCfg = Release|Any CPU
		{E11D59CC-7477-43C0-8ECE-E8A126061F46}.GISEditorUnitTest|x86.Build.0 = Release|Any CPU
		{E11D59CC-7477-43C0-8ECE-E8A126061F46}.McNally|Any CPU.ActiveCfg = Release|Any CPU
		{E11D59CC-7477-43C0-8ECE-E8A126061F46}.McNally|Any CPU.Build.0 = Release|Any CPU
		{E11D59CC-7477-43C0-8ECE-E8A126061F46}.McNally|x64.ActiveCfg = Release|Any CPU
		{E11D59CC-7477-43C0-8ECE-E8A126061F46}.McNally|x64.Build.0 = Release|Any CPU
		{E11D59CC-7477-43C0-8ECE-E8A126061F46}.McNally|x86.ActiveCfg = Release|Any CPU
		{E11D59CC-7477-43C0-8ECE-E8A126061F46}.McNally|x86.Build.0 = Release|Any CPU
		{E11D59CC-7477-43C0-8ECE-E8A126061F46}.newBuildOption|Any CPU.ActiveCfg = Release|Any CPU
		{E11D59CC-7477-43C0-8ECE-E8A126061F46}.newBuildOption|Any CPU.Build.0 = Release|Any CPU
		{E11D59CC-7477-43C0-8ECE-E8A126061F46}.newBuildOption|x64.ActiveCfg = Release|Any CPU
		{E11D59CC-7477-43C0-8ECE-E8A126061F46}.newBuildOption|x64.Build.0 = Release|Any CPU
		{E11D59CC-7477-43C0-8ECE-E8A126061F46}.newBuildOption|x86.ActiveCfg = Release|Any CPU
		{E11D59CC-7477-43C0-8ECE-E8A126061F46}.newBuildOption|x86.Build.0 = Release|Any CPU
		{E11D59CC-7477-43C0-8ECE-E8A126061F46}.Performance|Any CPU.ActiveCfg = Release|Any CPU
		{E11D59CC-7477-43C0-8ECE-E8A126061F46}.Performance|Any CPU.Build.0 = Release|Any CPU
		{E11D59CC-7477-43C0-8ECE-E8A126061F46}.Performance|x64.ActiveCfg = Release|Any CPU
		{E11D59CC-7477-43C0-8ECE-E8A126061F46}.Performance|x64.Build.0 = Release|Any CPU
		{E11D59CC-7477-43C0-8ECE-E8A126061F46}.Performance|x86.ActiveCfg = Release|Any CPU
		{E11D59CC-7477-43C0-8ECE-E8A126061F46}.Performance|x86.Build.0 = Release|Any CPU
		{E11D59CC-7477-43C0-8ECE-E8A126061F46}.ReadOnly|Any CPU.ActiveCfg = Release|Any CPU
		{E11D59CC-7477-43C0-8ECE-E8A126061F46}.ReadOnly|Any CPU.Build.0 = Release|Any CPU
		{E11D59CC-7477-43C0-8ECE-E8A126061F46}.ReadOnly|x64.ActiveCfg = Release|Any CPU
		{E11D59CC-7477-43C0-8ECE-E8A126061F46}.ReadOnly|x64.Build.0 = Release|Any CPU
		{E11D59CC-7477-43C0-8ECE-E8A126061F46}.ReadOnly|x86.ActiveCfg = Release|Any CPU
		{E11D59CC-7477-43C0-8ECE-E8A126061F46}.ReadOnly|x86.Build.0 = Release|Any CPU
		{E11D59CC-7477-43C0-8ECE-E8A126061F46}.Release|Any CPU.ActiveCfg = Release|Any CPU
		{E11D59CC-7477-43C0-8ECE-E8A126061F46}.Release|Any CPU.Build.0 = Release|Any CPU
		{E11D59CC-7477-43C0-8ECE-E8A126061F46}.Release|x64.ActiveCfg = Release|Any CPU
		{E11D59CC-7477-43C0-8ECE-E8A126061F46}.Release|x64.Build.0 = Release|Any CPU
		{E11D59CC-7477-43C0-8ECE-E8A126061F46}.Release|x86.ActiveCfg = Release|Any CPU
		{E11D59CC-7477-43C0-8ECE-E8A126061F46}.Release|x86.Build.0 = Release|Any CPU
		{E11D59CC-7477-43C0-8ECE-E8A126061F46}.RoutingFull|Any CPU.ActiveCfg = Release|Any CPU
		{E11D59CC-7477-43C0-8ECE-E8A126061F46}.RoutingFull|Any CPU.Build.0 = Release|Any CPU
		{E11D59CC-7477-43C0-8ECE-E8A126061F46}.RoutingFull|x64.ActiveCfg = Release|Any CPU
		{E11D59CC-7477-43C0-8ECE-E8A126061F46}.RoutingFull|x64.Build.0 = Release|Any CPU
		{E11D59CC-7477-43C0-8ECE-E8A126061F46}.RoutingFull|x86.ActiveCfg = Release|Any CPU
		{E11D59CC-7477-43C0-8ECE-E8A126061F46}.RoutingFull|x86.Build.0 = Release|Any CPU
		{E11D59CC-7477-43C0-8ECE-E8A126061F46}.RunTime|Any CPU.ActiveCfg = Release|Any CPU
		{E11D59CC-7477-43C0-8ECE-E8A126061F46}.RunTime|Any CPU.Build.0 = Release|Any CPU
		{E11D59CC-7477-43C0-8ECE-E8A126061F46}.RunTime|x64.ActiveCfg = Release|Any CPU
		{E11D59CC-7477-43C0-8ECE-E8A126061F46}.RunTime|x64.Build.0 = Release|Any CPU
		{E11D59CC-7477-43C0-8ECE-E8A126061F46}.RunTime|x86.ActiveCfg = Release|Any CPU
		{E11D59CC-7477-43C0-8ECE-E8A126061F46}.RunTime|x86.Build.0 = Release|Any CPU
		{E11D59CC-7477-43C0-8ECE-E8A126061F46}.TGLICENSE|Any CPU.ActiveCfg = Release|Any CPU
		{E11D59CC-7477-43C0-8ECE-E8A126061F46}.TGLICENSE|Any CPU.Build.0 = Release|Any CPU
		{E11D59CC-7477-43C0-8ECE-E8A126061F46}.TGLICENSE|x64.ActiveCfg = Release|Any CPU
		{E11D59CC-7477-43C0-8ECE-E8A126061F46}.TGLICENSE|x64.Build.0 = Release|Any CPU
		{E11D59CC-7477-43C0-8ECE-E8A126061F46}.TGLICENSE|x86.ActiveCfg = Release|Any CPU
		{E11D59CC-7477-43C0-8ECE-E8A126061F46}.TGLICENSE|x86.Build.0 = Release|Any CPU
	EndGlobalSection
	GlobalSection(SolutionProperties) = preSolution
		HideSolutionNode = FALSE
	EndGlobalSection
EndGlobal
