
Microsoft Visual Studio Solution File, Format Version 12.00
# Visual Studio 15
VisualStudioVersion = 15.0.27703.2042
MinimumVisualStudioVersion = 10.0.40219.1
Project("{FAE04EC0-301F-11D3-BF4B-00C04F79EFBC}") = "DisplayFileGeoDatabase", "DisplayFileGeoDatabase\DisplayFileGeoDatabase.csproj", "{AC70F9F6-539C-43D1-8B43-39874ECDAF42}"
EndProject
Global
	GlobalSection(SolutionConfigurationPlatforms) = preSolution
		Debug|Any CPU = Debug|Any CPU
		PRODUCTION|Any CPU = PRODUCTION|Any CPU
		Release|Any CPU = Release|Any CPU
	EndGlobalSection
	GlobalSection(ProjectConfigurationPlatforms) = postSolution
		{AC70F9F6-539C-43D1-8B43-39874ECDAF42}.Debug|Any CPU.ActiveCfg = Debug|Any CPU
		{AC70F9F6-539C-43D1-8B43-39874ECDAF42}.Debug|Any CPU.Build.0 = Debug|Any CPU
		{AC70F9F6-539C-43D1-8B43-39874ECDAF42}.PRODUCTION|Any CPU.ActiveCfg = Release|Any CPU
		{AC70F9F6-539C-43D1-8B43-39874ECDAF42}.PRODUCTION|Any CPU.Build.0 = Release|Any CPU
		{AC70F9F6-539C-43D1-8B43-39874ECDAF42}.Release|Any CPU.ActiveCfg = Release|Any CPU
		{AC70F9F6-539C-43D1-8B43-39874ECDAF42}.Release|Any CPU.Build.0 = Release|Any CPU
	EndGlobalSection
	GlobalSection(SolutionProperties) = preSolution
		HideSolutionNode = FALSE
	EndGlobalSection
	GlobalSection(ExtensibilityGlobals) = postSolution
		SolutionGuid = {D24D008F-F120-4F86-9B14-2E209D127B4C}
	EndGlobalSection
EndGlobal
