
Microsoft Visual Studio Solution File, Format Version 12.00
# Visual Studio 14
VisualStudioVersion = 14.0.25420.1
MinimumVisualStudioVersion = 10.0.40219.1
Project("{FAE04EC0-301F-11D3-BF4B-00C04F79EFBC}") = "LineStyleWithIncrement", "LineStyleWithIncrement\LineStyleWithIncrement.csproj", "{DD8A0EC4-D2DA-4E26-9A6B-EBF9CDC0EA77}"
EndProject
Global
	GlobalSection(SolutionConfigurationPlatforms) = preSolution
		Debug|Any CPU = Debug|Any CPU
		Release|Any CPU = Release|Any CPU
	EndGlobalSection
	GlobalSection(ProjectConfigurationPlatforms) = postSolution
		{DD8A0EC4-D2DA-4E26-9A6B-EBF9CDC0EA77}.Debug|Any CPU.ActiveCfg = Debug|Any CPU
		{DD8A0EC4-D2DA-4E26-9A6B-EBF9CDC0EA77}.Debug|Any CPU.Build.0 = Debug|Any CPU
		{DD8A0EC4-D2DA-4E26-9A6B-EBF9CDC0EA77}.Release|Any CPU.ActiveCfg = Release|Any CPU
		{DD8A0EC4-D2DA-4E26-9A6B-EBF9CDC0EA77}.Release|Any CPU.Build.0 = Release|Any CPU
	EndGlobalSection
	GlobalSection(SolutionProperties) = preSolution
		HideSolutionNode = FALSE
	EndGlobalSection
EndGlobal
