
Microsoft Visual Studio Solution File, Format Version 12.00
# Visual Studio 15
VisualStudioVersion = 15.0.27428.2027
MinimumVisualStudioVersion = 10.0.40219.1
Project("{FAE04EC0-301F-11D3-BF4B-00C04F79EFBC}") = "FindShortestLineAndSplittingLines", "FindShortestLineAndSplittingLines\FindShortestLineAndSplittingLines.csproj", "{D86D1880-3090-4C42-9DDB-922F9DF24283}"
EndProject
Global
	GlobalSection(SolutionConfigurationPlatforms) = preSolution
		Debug|Any CPU = Debug|Any CPU
		Release|Any CPU = Release|Any CPU
	EndGlobalSection
	GlobalSection(ProjectConfigurationPlatforms) = postSolution
		{D86D1880-3090-4C42-9DDB-922F9DF24283}.Debug|Any CPU.ActiveCfg = Debug|Any CPU
		{D86D1880-3090-4C42-9DDB-922F9DF24283}.Debug|Any CPU.Build.0 = Debug|Any CPU
		{D86D1880-3090-4C42-9DDB-922F9DF24283}.Release|Any CPU.ActiveCfg = Release|Any CPU
		{D86D1880-3090-4C42-9DDB-922F9DF24283}.Release|Any CPU.Build.0 = Release|Any CPU
	EndGlobalSection
	GlobalSection(SolutionProperties) = preSolution
		HideSolutionNode = FALSE
	EndGlobalSection
	GlobalSection(ExtensibilityGlobals) = postSolution
		SolutionGuid = {62014F2B-B63E-4EF0-9DA8-1C0C33F8E6A1}
	EndGlobalSection
EndGlobal
