
Microsoft Visual Studio Solution File, Format Version 12.00
# Visual Studio Version 16
VisualStudioVersion = 16.0.29926.136
MinimumVisualStudioVersion = 10.0.40219.1
Project("{9A19103F-16F7-4668-BE54-9A1E7A4F7556}") = "NauticalChartsViewer", "NauticalChartsViewer.csproj", "{B3035B7C-C3BA-4929-9ECB-BBD717B0B022}"
EndProject
Global
	GlobalSection(SolutionConfigurationPlatforms) = preSolution
		Debug|Any CPU = Debug|Any CPU
		Release|Any CPU = Release|Any CPU
	EndGlobalSection
	GlobalSection(ProjectConfigurationPlatforms) = postSolution
		{B3035B7C-C3BA-4929-9ECB-BBD717B0B022}.Debug|Any CPU.ActiveCfg = Debug|Any CPU
		{B3035B7C-C3BA-4929-9ECB-BBD717B0B022}.Debug|Any CPU.Build.0 = Debug|Any CPU
		{B3035B7C-C3BA-4929-9ECB-BBD717B0B022}.Release|Any CPU.ActiveCfg = Release|Any CPU
		{B3035B7C-C3BA-4929-9ECB-BBD717B0B022}.Release|Any CPU.Build.0 = Release|Any CPU
	EndGlobalSection
	GlobalSection(SolutionProperties) = preSolution
		HideSolutionNode = FALSE
	EndGlobalSection
	GlobalSection(ExtensibilityGlobals) = postSolution
		SolutionGuid = {D8FEB203-AAE7-4475-9D0B-166BA472B0EA}
	EndGlobalSection
EndGlobal
