
Microsoft Visual Studio Solution File, Format Version 12.00
# Visual Studio 15
VisualStudioVersion = 15.0.28010.2046
MinimumVisualStudioVersion = 10.0.40219.1
Project("{FAE04EC0-301F-11D3-BF4B-00C04F79EFBC}") = "ThinkGeoCloudMaps", "ThinkGeoCloudMaps\ThinkGeoCloudMaps.csproj", "{4B13D6CC-107E-4C42-B177-7D9B315C1B21}"
EndProject
Global
	GlobalSection(SolutionConfigurationPlatforms) = preSolution
		Debug|Any CPU = Debug|Any CPU
		Release|Any CPU = Release|Any CPU
	EndGlobalSection
	GlobalSection(ProjectConfigurationPlatforms) = postSolution
		{4B13D6CC-107E-4C42-B177-7D9B315C1B21}.Debug|Any CPU.ActiveCfg = Debug|Any CPU
		{4B13D6CC-107E-4C42-B177-7D9B315C1B21}.Debug|Any CPU.Build.0 = Debug|Any CPU
		{4B13D6CC-107E-4C42-B177-7D9B315C1B21}.Release|Any CPU.ActiveCfg = Release|Any CPU
		{4B13D6CC-107E-4C42-B177-7D9B315C1B21}.Release|Any CPU.Build.0 = Release|Any CPU
	EndGlobalSection
	GlobalSection(SolutionProperties) = preSolution
		HideSolutionNode = FALSE
	EndGlobalSection
	GlobalSection(ExtensibilityGlobals) = postSolution
		SolutionGuid = {A3D01575-E687-487F-836A-C136B6C43EA4}
	EndGlobalSection
EndGlobal
