
Microsoft Visual Studio Solution File, Format Version 12.00
# Visual Studio 15
VisualStudioVersion = 15.0.26730.8
MinimumVisualStudioVersion = 10.0.40219.1
Project("{FAE04EC0-301F-11D3-BF4B-00C04F79EFBC}") = "RoutingIndexGenerator", "RoutingIndexGenerator\RoutingIndexGenerator.csproj", "{D234C937-BBE1-43B7-8ED1-B103B43379C0}"
EndProject
Global
	GlobalSection(SolutionConfigurationPlatforms) = preSolution
		Code Analysis|Any CPU = Code Analysis|Any CPU
		Code Analysis|x64 = Code Analysis|x64
		Code Analysis|x86 = Code Analysis|x86
		Debug|Any CPU = Debug|Any CPU
		Debug|x64 = Debug|x64
		Debug|x86 = Debug|x86
		Evaluation|Any CPU = Evaluation|Any CPU
		Evaluation|x64 = Evaluation|x64
		Evaluation|x86 = Evaluation|x86
		FileLicense|Any CPU = FileLicense|Any CPU
		FileLicense|x64 = FileLicense|x64
		FileLicense|x86 = FileLicense|x86
		Full|Any CPU = Full|Any CPU
		Full|x64 = Full|x64
		Full|x86 = Full|x86
		GISEditorUnitTest|Any CPU = GISEditorUnitTest|Any CPU
		GISEditorUnitTest|x64 = GISEditorUnitTest|x64
		GISEditorUnitTest|x86 = GISEditorUnitTest|x86
		McNally|Any CPU = McNally|Any CPU
		McNally|x64 = McNally|x64
		McNally|x86 = McNally|x86
		newBuildOption|Any CPU = newBuildOption|Any CPU
		newBuildOption|x64 = newBuildOption|x64
		newBuildOption|x86 = newBuildOption|x86
		Performance|Any CPU = Performance|Any CPU
		Performance|x64 = Performance|x64
		Performance|x86 = Performance|x86
		PRODUCTION|Any CPU = PRODUCTION|Any CPU
		PRODUCTION|x64 = PRODUCTION|x64
		PRODUCTION|x86 = PRODUCTION|x86
		ReadOnly|Any CPU = ReadOnly|Any CPU
		ReadOnly|x64 = ReadOnly|x64
		ReadOnly|x86 = ReadOnly|x86
		Release|Any CPU = Release|Any CPU
		Release|x64 = Release|x64
		Release|x86 = Release|x86
		RoutingFull|Any CPU = RoutingFull|Any CPU
		RoutingFull|x64 = RoutingFull|x64
		RoutingFull|x86 = RoutingFull|x86
		RunTime|Any CPU = RunTime|Any CPU
		RunTime|x64 = RunTime|x64
		RunTime|x86 = RunTime|x86
		TGLICENSE|Any CPU = TGLICENSE|Any CPU
		TGLICENSE|x64 = TGLICENSE|x64
		TGLICENSE|x86 = TGLICENSE|x86
	EndGlobalSection
	GlobalSection(ProjectConfigurationPlatforms) = postSolution
		{D234C937-BBE1-43B7-8ED1-B103B43379C0}.Code Analysis|Any CPU.ActiveCfg = Release|x86
		{D234C937-BBE1-43B7-8ED1-B103B43379C0}.Code Analysis|Any CPU.Build.0 = Release|x86
		{D234C937-BBE1-43B7-8ED1-B103B43379C0}.Code Analysis|x64.ActiveCfg = Debug|x86
		{D234C937-BBE1-43B7-8ED1-B103B43379C0}.Code Analysis|x64.Build.0 = Debug|x86
		{D234C937-BBE1-43B7-8ED1-B103B43379C0}.Code Analysis|x86.ActiveCfg = Release|x86
		{D234C937-BBE1-43B7-8ED1-B103B43379C0}.Code Analysis|x86.Build.0 = Release|x86
		{D234C937-BBE1-43B7-8ED1-B103B43379C0}.Debug|Any CPU.ActiveCfg = Debug|x86
		{D234C937-BBE1-43B7-8ED1-B103B43379C0}.Debug|Any CPU.Build.0 = Debug|x86
		{D234C937-BBE1-43B7-8ED1-B103B43379C0}.Debug|x64.ActiveCfg = Debug|x86
		{D234C937-BBE1-43B7-8ED1-B103B43379C0}.Debug|x86.ActiveCfg = Debug|x86
		{D234C937-BBE1-43B7-8ED1-B103B43379C0}.Debug|x86.Build.0 = Debug|x86
		{D234C937-BBE1-43B7-8ED1-B103B43379C0}.Evaluation|Any CPU.ActiveCfg = Release|x86
		{D234C937-BBE1-43B7-8ED1-B103B43379C0}.Evaluation|Any CPU.Build.0 = Release|x86
		{D234C937-BBE1-43B7-8ED1-B103B43379C0}.Evaluation|x64.ActiveCfg = Debug|x86
		{D234C937-BBE1-43B7-8ED1-B103B43379C0}.Evaluation|x64.Build.0 = Debug|x86
		{D234C937-BBE1-43B7-8ED1-B103B43379C0}.Evaluation|x86.ActiveCfg = Release|x86
		{D234C937-BBE1-43B7-8ED1-B103B43379C0}.Evaluation|x86.Build.0 = Release|x86
		{D234C937-BBE1-43B7-8ED1-B103B43379C0}.FileLicense|Any CPU.ActiveCfg = Release|x86
		{D234C937-BBE1-43B7-8ED1-B103B43379C0}.FileLicense|Any CPU.Build.0 = Release|x86
		{D234C937-BBE1-43B7-8ED1-B103B43379C0}.FileLicense|x64.ActiveCfg = Debug|x86
		{D234C937-BBE1-43B7-8ED1-B103B43379C0}.FileLicense|x64.Build.0 = Debug|x86
		{D234C937-BBE1-43B7-8ED1-B103B43379C0}.FileLicense|x86.ActiveCfg = Release|x86
		{D234C937-BBE1-43B7-8ED1-B103B43379C0}.FileLicense|x86.Build.0 = Release|x86
		{D234C937-BBE1-43B7-8ED1-B103B43379C0}.Full|Any CPU.ActiveCfg = Release|x86
		{D234C937-BBE1-43B7-8ED1-B103B43379C0}.Full|Any CPU.Build.0 = Release|x86
		{D234C937-BBE1-43B7-8ED1-B103B43379C0}.Full|x64.ActiveCfg = Debug|x86
		{D234C937-BBE1-43B7-8ED1-B103B43379C0}.Full|x64.Build.0 = Debug|x86
		{D234C937-BBE1-43B7-8ED1-B103B43379C0}.Full|x86.ActiveCfg = Release|x86
		{D234C937-BBE1-43B7-8ED1-B103B43379C0}.Full|x86.Build.0 = Release|x86
		{D234C937-BBE1-43B7-8ED1-B103B43379C0}.GISEditorUnitTest|Any CPU.ActiveCfg = Debug|x86
		{D234C937-BBE1-43B7-8ED1-B103B43379C0}.GISEditorUnitTest|Any CPU.Build.0 = Debug|x86
		{D234C937-BBE1-43B7-8ED1-B103B43379C0}.GISEditorUnitTest|x64.ActiveCfg = Debug|x86
		{D234C937-BBE1-43B7-8ED1-B103B43379C0}.GISEditorUnitTest|x64.Build.0 = Debug|x86
		{D234C937-BBE1-43B7-8ED1-B103B43379C0}.GISEditorUnitTest|x86.ActiveCfg = Debug|x86
		{D234C937-BBE1-43B7-8ED1-B103B43379C0}.GISEditorUnitTest|x86.Build.0 = Debug|x86
		{D234C937-BBE1-43B7-8ED1-B103B43379C0}.McNally|Any CPU.ActiveCfg = Debug|x86
		{D234C937-BBE1-43B7-8ED1-B103B43379C0}.McNally|Any CPU.Build.0 = Debug|x86
		{D234C937-BBE1-43B7-8ED1-B103B43379C0}.McNally|x64.ActiveCfg = Debug|x86
		{D234C937-BBE1-43B7-8ED1-B103B43379C0}.McNally|x64.Build.0 = Debug|x86
		{D234C937-BBE1-43B7-8ED1-B103B43379C0}.McNally|x86.ActiveCfg = Debug|x86
		{D234C937-BBE1-43B7-8ED1-B103B43379C0}.McNally|x86.Build.0 = Debug|x86
		{D234C937-BBE1-43B7-8ED1-B103B43379C0}.newBuildOption|Any CPU.ActiveCfg = Debug|x86
		{D234C937-BBE1-43B7-8ED1-B103B43379C0}.newBuildOption|Any CPU.Build.0 = Debug|x86
		{D234C937-BBE1-43B7-8ED1-B103B43379C0}.newBuildOption|x64.ActiveCfg = Debug|x86
		{D234C937-BBE1-43B7-8ED1-B103B43379C0}.newBuildOption|x64.Build.0 = Debug|x86
		{D234C937-BBE1-43B7-8ED1-B103B43379C0}.newBuildOption|x86.ActiveCfg = Debug|x86
		{D234C937-BBE1-43B7-8ED1-B103B43379C0}.newBuildOption|x86.Build.0 = Debug|x86
		{D234C937-BBE1-43B7-8ED1-B103B43379C0}.Performance|Any CPU.ActiveCfg = Debug|x86
		{D234C937-BBE1-43B7-8ED1-B103B43379C0}.Performance|Any CPU.Build.0 = Debug|x86
		{D234C937-BBE1-43B7-8ED1-B103B43379C0}.Performance|x64.ActiveCfg = Debug|x86
		{D234C937-BBE1-43B7-8ED1-B103B43379C0}.Performance|x64.Build.0 = Debug|x86
		{D234C937-BBE1-43B7-8ED1-B103B43379C0}.Performance|x86.ActiveCfg = Debug|x86
		{D234C937-BBE1-43B7-8ED1-B103B43379C0}.Performance|x86.Build.0 = Debug|x86
		{D234C937-BBE1-43B7-8ED1-B103B43379C0}.PRODUCTION|Any CPU.ActiveCfg = Debug|x86
		{D234C937-BBE1-43B7-8ED1-B103B43379C0}.PRODUCTION|Any CPU.Build.0 = Debug|x86
		{D234C937-BBE1-43B7-8ED1-B103B43379C0}.PRODUCTION|x64.ActiveCfg = Debug|x86
		{D234C937-BBE1-43B7-8ED1-B103B43379C0}.PRODUCTION|x64.Build.0 = Debug|x86
		{D234C937-BBE1-43B7-8ED1-B103B43379C0}.PRODUCTION|x86.ActiveCfg = Debug|x86
		{D234C937-BBE1-43B7-8ED1-B103B43379C0}.PRODUCTION|x86.Build.0 = Debug|x86
		{D234C937-BBE1-43B7-8ED1-B103B43379C0}.ReadOnly|Any CPU.ActiveCfg = Debug|x86
		{D234C937-BBE1-43B7-8ED1-B103B43379C0}.ReadOnly|Any CPU.Build.0 = Debug|x86
		{D234C937-BBE1-43B7-8ED1-B103B43379C0}.ReadOnly|x64.ActiveCfg = Debug|x86
		{D234C937-BBE1-43B7-8ED1-B103B43379C0}.ReadOnly|x64.Build.0 = Debug|x86
		{D234C937-BBE1-43B7-8ED1-B103B43379C0}.ReadOnly|x86.ActiveCfg = Release|x86
		{D234C937-BBE1-43B7-8ED1-B103B43379C0}.ReadOnly|x86.Build.0 = Release|x86
		{D234C937-BBE1-43B7-8ED1-B103B43379C0}.Release|Any CPU.ActiveCfg = Release|x86
		{D234C937-BBE1-43B7-8ED1-B103B43379C0}.Release|x64.ActiveCfg = Release|x86
		{D234C937-BBE1-43B7-8ED1-B103B43379C0}.Release|x86.ActiveCfg = Release|x86
		{D234C937-BBE1-43B7-8ED1-B103B43379C0}.Release|x86.Build.0 = Release|x86
		{D234C937-BBE1-43B7-8ED1-B103B43379C0}.RoutingFull|Any CPU.ActiveCfg = Release|x86
		{D234C937-BBE1-43B7-8ED1-B103B43379C0}.RoutingFull|Any CPU.Build.0 = Release|x86
		{D234C937-BBE1-43B7-8ED1-B103B43379C0}.RoutingFull|x64.ActiveCfg = Debug|x86
		{D234C937-BBE1-43B7-8ED1-B103B43379C0}.RoutingFull|x64.Build.0 = Debug|x86
		{D234C937-BBE1-43B7-8ED1-B103B43379C0}.RoutingFull|x86.ActiveCfg = Release|x86
		{D234C937-BBE1-43B7-8ED1-B103B43379C0}.RoutingFull|x86.Build.0 = Release|x86
		{D234C937-BBE1-43B7-8ED1-B103B43379C0}.RunTime|Any CPU.ActiveCfg = Debug|x86
		{D234C937-BBE1-43B7-8ED1-B103B43379C0}.RunTime|Any CPU.Build.0 = Debug|x86
		{D234C937-BBE1-43B7-8ED1-B103B43379C0}.RunTime|x64.ActiveCfg = Debug|x86
		{D234C937-BBE1-43B7-8ED1-B103B43379C0}.RunTime|x64.Build.0 = Debug|x86
		{D234C937-BBE1-43B7-8ED1-B103B43379C0}.RunTime|x86.ActiveCfg = Release|x86
		{D234C937-BBE1-43B7-8ED1-B103B43379C0}.RunTime|x86.Build.0 = Release|x86
		{D234C937-BBE1-43B7-8ED1-B103B43379C0}.TGLICENSE|Any CPU.ActiveCfg = Debug|x86
		{D234C937-BBE1-43B7-8ED1-B103B43379C0}.TGLICENSE|Any CPU.Build.0 = Debug|x86
		{D234C937-BBE1-43B7-8ED1-B103B43379C0}.TGLICENSE|x64.ActiveCfg = Debug|x86
		{D234C937-BBE1-43B7-8ED1-B103B43379C0}.TGLICENSE|x64.Build.0 = Debug|x86
		{D234C937-BBE1-43B7-8ED1-B103B43379C0}.TGLICENSE|x86.ActiveCfg = Debug|x86
		{D234C937-BBE1-43B7-8ED1-B103B43379C0}.TGLICENSE|x86.Build.0 = Debug|x86
	EndGlobalSection
	GlobalSection(SolutionProperties) = preSolution
		HideSolutionNode = FALSE
	EndGlobalSection
	GlobalSection(ExtensibilityGlobals) = postSolution
		SolutionGuid = {833070C3-5592-419D-BE48-6FE33381E25D}
	EndGlobalSection
EndGlobal
