
Microsoft Visual Studio Solution File, Format Version 12.00
# Visual Studio 15
VisualStudioVersion = 15.0.28307.136
MinimumVisualStudioVersion = 10.0.40219.1
Project("{FAE04EC0-301F-11D3-BF4B-00C04F79EFBC}") = "DisplayMsSqlDatabase", "DisplayMsSqlDatabase\DisplayMsSqlDatabase.csproj", "{466ED286-8375-4199-A2B9-53B6C34215BF}"
EndProject
Global
	GlobalSection(SolutionConfigurationPlatforms) = preSolution
		Debug|Any CPU = Debug|Any CPU
		Release|Any CPU = Release|Any CPU
	EndGlobalSection
	GlobalSection(ProjectConfigurationPlatforms) = postSolution
		{466ED286-8375-4199-A2B9-53B6C34215BF}.Debug|Any CPU.ActiveCfg = Debug|Any CPU
		{466ED286-8375-4199-A2B9-53B6C34215BF}.Debug|Any CPU.Build.0 = Debug|Any CPU
		{466ED286-8375-4199-A2B9-53B6C34215BF}.Release|Any CPU.ActiveCfg = Release|Any CPU
		{466ED286-8375-4199-A2B9-53B6C34215BF}.Release|Any CPU.Build.0 = Release|Any CPU
	EndGlobalSection
	GlobalSection(SolutionProperties) = preSolution
		HideSolutionNode = FALSE
	EndGlobalSection
	GlobalSection(ExtensibilityGlobals) = postSolution
		SolutionGuid = {5AB286E2-FFAE-432B-A8E6-CD3B356D2FFE}
	EndGlobalSection
EndGlobal
