
Microsoft Visual Studio Solution File, Format Version 12.00
# Visual Studio Version 16
VisualStudioVersion = 16.0.29424.173
MinimumVisualStudioVersion = 10.0.40219.1
Project("{FAE04EC0-301F-11D3-BF4B-00C04F79EFBC}") = "ClassBreakStyle", "ClassBreakStyle\ClassBreakStyle.csproj", "{20BDB7B5-2650-477B-92D0-5CEC0A539D97}"
EndProject
Global
	GlobalSection(SolutionConfigurationPlatforms) = preSolution
		Debug|Any CPU = Debug|Any CPU
		Release|Any CPU = Release|Any CPU
	EndGlobalSection
	GlobalSection(ProjectConfigurationPlatforms) = postSolution
		{20BDB7B5-2650-477B-92D0-5CEC0A539D97}.Debug|Any CPU.ActiveCfg = Debug|Any CPU
		{20BDB7B5-2650-477B-92D0-5CEC0A539D97}.Debug|Any CPU.Build.0 = Debug|Any CPU
		{20BDB7B5-2650-477B-92D0-5CEC0A539D97}.Release|Any CPU.ActiveCfg = Release|Any CPU
		{20BDB7B5-2650-477B-92D0-5CEC0A539D97}.Release|Any CPU.Build.0 = Release|Any CPU
	EndGlobalSection
	GlobalSection(SolutionProperties) = preSolution
		HideSolutionNode = FALSE
	EndGlobalSection
	GlobalSection(ExtensibilityGlobals) = postSolution
		SolutionGuid = {019799D5-2C5D-46D9-9314-B2BFD4BB14E5}
	EndGlobalSection
EndGlobal
