
Microsoft Visual Studio Solution File, Format Version 12.00
# Visual Studio 15
VisualStudioVersion = 15.0.27703.2042
MinimumVisualStudioVersion = 10.0.40219.1
Project("{FAE04EC0-301F-11D3-BF4B-00C04F79EFBC}") = "ThinkGeoCloudMaps", "ThinkGeoCloudMaps\ThinkGeoCloudMaps.csproj", "{4E4E083A-2F0A-4D93-9448-916DAE850C5C}"
EndProject
Global
	GlobalSection(SolutionConfigurationPlatforms) = preSolution
		Debug|Any CPU = Debug|Any CPU
		Release|Any CPU = Release|Any CPU
	EndGlobalSection
	GlobalSection(ProjectConfigurationPlatforms) = postSolution
		{4E4E083A-2F0A-4D93-9448-916DAE850C5C}.Debug|Any CPU.ActiveCfg = Debug|Any CPU
		{4E4E083A-2F0A-4D93-9448-916DAE850C5C}.Debug|Any CPU.Build.0 = Debug|Any CPU
		{4E4E083A-2F0A-4D93-9448-916DAE850C5C}.Release|Any CPU.ActiveCfg = Release|Any CPU
		{4E4E083A-2F0A-4D93-9448-916DAE850C5C}.Release|Any CPU.Build.0 = Release|Any CPU
	EndGlobalSection
	GlobalSection(SolutionProperties) = preSolution
		HideSolutionNode = FALSE
	EndGlobalSection
	GlobalSection(ExtensibilityGlobals) = postSolution
		SolutionGuid = {66D3E265-6387-467F-8452-37FF3D8969B8}
	EndGlobalSection
EndGlobal
