
Microsoft Visual Studio Solution File, Format Version 12.00
# Visual Studio 14
VisualStudioVersion = 14.0.25420.1
MinimumVisualStudioVersion = 10.0.40219.1
Project("{FAE04EC0-301F-11D3-BF4B-00C04F79EFBC}") = "CacheGenerator", "CacheGenerator\CacheGenerator.csproj", "{01D3C4F3-732C-4CEF-ACEB-53EB8C82F491}"
EndProject
Global
	GlobalSection(SolutionConfigurationPlatforms) = preSolution
		AlwaysWaterMarker|Any CPU = AlwaysWaterMarker|Any CPU
		AlwaysWaterMarker|Mixed Platforms = AlwaysWaterMarker|Mixed Platforms
		AlwaysWaterMarker|x86 = AlwaysWaterMarker|x86
		Code Analysis|Any CPU = Code Analysis|Any CPU
		Code Analysis|Mixed Platforms = Code Analysis|Mixed Platforms
		Code Analysis|x86 = Code Analysis|x86
		Debug|Any CPU = Debug|Any CPU
		Debug|Mixed Platforms = Debug|Mixed Platforms
		Debug|x86 = Debug|x86
		Evaluation|Any CPU = Evaluation|Any CPU
		Evaluation|Mixed Platforms = Evaluation|Mixed Platforms
		Evaluation|x86 = Evaluation|x86
		Full|Any CPU = Full|Any CPU
		Full|Mixed Platforms = Full|Mixed Platforms
		Full|x86 = Full|x86
		GISEditorUnitTest|Any CPU = GISEditorUnitTest|Any CPU
		GISEditorUnitTest|Mixed Platforms = GISEditorUnitTest|Mixed Platforms
		GISEditorUnitTest|x86 = GISEditorUnitTest|x86
		newBuildOption|Any CPU = newBuildOption|Any CPU
		newBuildOption|Mixed Platforms = newBuildOption|Mixed Platforms
		newBuildOption|x86 = newBuildOption|x86
		Performance|Any CPU = Performance|Any CPU
		Performance|Mixed Platforms = Performance|Mixed Platforms
		Performance|x86 = Performance|x86
		PRODUCTION|Any CPU = PRODUCTION|Any CPU
		PRODUCTION|Mixed Platforms = PRODUCTION|Mixed Platforms
		PRODUCTION|x86 = PRODUCTION|x86
		Release|Any CPU = Release|Any CPU
		Release|Mixed Platforms = Release|Mixed Platforms
		Release|x86 = Release|x86
		RoutingFull|Any CPU = RoutingFull|Any CPU
		RoutingFull|Mixed Platforms = RoutingFull|Mixed Platforms
		RoutingFull|x86 = RoutingFull|x86
		RunTime|Any CPU = RunTime|Any CPU
		RunTime|Mixed Platforms = RunTime|Mixed Platforms
		RunTime|x86 = RunTime|x86
		TGLICENSE|Any CPU = TGLICENSE|Any CPU
		TGLICENSE|Mixed Platforms = TGLICENSE|Mixed Platforms
		TGLICENSE|x86 = TGLICENSE|x86
	EndGlobalSection
	GlobalSection(ProjectConfigurationPlatforms) = postSolution
		{01D3C4F3-732C-4CEF-ACEB-53EB8C82F491}.AlwaysWaterMarker|Any CPU.ActiveCfg = Release|Any CPU
		{01D3C4F3-732C-4CEF-ACEB-53EB8C82F491}.AlwaysWaterMarker|Any CPU.Build.0 = Release|Any CPU
		{01D3C4F3-732C-4CEF-ACEB-53EB8C82F491}.AlwaysWaterMarker|Mixed Platforms.ActiveCfg = Release|Any CPU
		{01D3C4F3-732C-4CEF-ACEB-53EB8C82F491}.AlwaysWaterMarker|Mixed Platforms.Build.0 = Release|Any CPU
		{01D3C4F3-732C-4CEF-ACEB-53EB8C82F491}.AlwaysWaterMarker|x86.ActiveCfg = Release|Any CPU
		{01D3C4F3-732C-4CEF-ACEB-53EB8C82F491}.Code Analysis|Any CPU.ActiveCfg = Release|Any CPU
		{01D3C4F3-732C-4CEF-ACEB-53EB8C82F491}.Code Analysis|Any CPU.Build.0 = Release|Any CPU
		{01D3C4F3-732C-4CEF-ACEB-53EB8C82F491}.Code Analysis|Mixed Platforms.ActiveCfg = Release|Any CPU
		{01D3C4F3-732C-4CEF-ACEB-53EB8C82F491}.Code Analysis|Mixed Platforms.Build.0 = Release|Any CPU
		{01D3C4F3-732C-4CEF-ACEB-53EB8C82F491}.Code Analysis|x86.ActiveCfg = Release|Any CPU
		{01D3C4F3-732C-4CEF-ACEB-53EB8C82F491}.Debug|Any CPU.ActiveCfg = Debug|Any CPU
		{01D3C4F3-732C-4CEF-ACEB-53EB8C82F491}.Debug|Any CPU.Build.0 = Debug|Any CPU
		{01D3C4F3-732C-4CEF-ACEB-53EB8C82F491}.Debug|Mixed Platforms.ActiveCfg = Debug|Any CPU
		{01D3C4F3-732C-4CEF-ACEB-53EB8C82F491}.Debug|Mixed Platforms.Build.0 = Debug|Any CPU
		{01D3C4F3-732C-4CEF-ACEB-53EB8C82F491}.Debug|x86.ActiveCfg = Debug|Any CPU
		{01D3C4F3-732C-4CEF-ACEB-53EB8C82F491}.Evaluation|Any CPU.ActiveCfg = Release|Any CPU
		{01D3C4F3-732C-4CEF-ACEB-53EB8C82F491}.Evaluation|Any CPU.Build.0 = Release|Any CPU
		{01D3C4F3-732C-4CEF-ACEB-53EB8C82F491}.Evaluation|Mixed Platforms.ActiveCfg = Release|Any CPU
		{01D3C4F3-732C-4CEF-ACEB-53EB8C82F491}.Evaluation|Mixed Platforms.Build.0 = Release|Any CPU
		{01D3C4F3-732C-4CEF-ACEB-53EB8C82F491}.Evaluation|x86.ActiveCfg = Release|Any CPU
		{01D3C4F3-732C-4CEF-ACEB-53EB8C82F491}.Full|Any CPU.ActiveCfg = Release|Any CPU
		{01D3C4F3-732C-4CEF-ACEB-53EB8C82F491}.Full|Any CPU.Build.0 = Release|Any CPU
		{01D3C4F3-732C-4CEF-ACEB-53EB8C82F491}.Full|Mixed Platforms.ActiveCfg = Release|Any CPU
		{01D3C4F3-732C-4CEF-ACEB-53EB8C82F491}.Full|Mixed Platforms.Build.0 = Release|Any CPU
		{01D3C4F3-732C-4CEF-ACEB-53EB8C82F491}.Full|x86.ActiveCfg = Release|Any CPU
		{01D3C4F3-732C-4CEF-ACEB-53EB8C82F491}.GISEditorUnitTest|Any CPU.ActiveCfg = Release|Any CPU
		{01D3C4F3-732C-4CEF-ACEB-53EB8C82F491}.GISEditorUnitTest|Any CPU.Build.0 = Release|Any CPU
		{01D3C4F3-732C-4CEF-ACEB-53EB8C82F491}.GISEditorUnitTest|Mixed Platforms.ActiveCfg = Release|Any CPU
		{01D3C4F3-732C-4CEF-ACEB-53EB8C82F491}.GISEditorUnitTest|Mixed Platforms.Build.0 = Release|Any CPU
		{01D3C4F3-732C-4CEF-ACEB-53EB8C82F491}.GISEditorUnitTest|x86.ActiveCfg = Release|Any CPU
		{01D3C4F3-732C-4CEF-ACEB-53EB8C82F491}.newBuildOption|Any CPU.ActiveCfg = Release|Any CPU
		{01D3C4F3-732C-4CEF-ACEB-53EB8C82F491}.newBuildOption|Any CPU.Build.0 = Release|Any CPU
		{01D3C4F3-732C-4CEF-ACEB-53EB8C82F491}.newBuildOption|Mixed Platforms.ActiveCfg = Release|Any CPU
		{01D3C4F3-732C-4CEF-ACEB-53EB8C82F491}.newBuildOption|Mixed Platforms.Build.0 = Release|Any CPU
		{01D3C4F3-732C-4CEF-ACEB-53EB8C82F491}.newBuildOption|x86.ActiveCfg = Release|Any CPU
		{01D3C4F3-732C-4CEF-ACEB-53EB8C82F491}.Performance|Any CPU.ActiveCfg = Release|Any CPU
		{01D3C4F3-732C-4CEF-ACEB-53EB8C82F491}.Performance|Any CPU.Build.0 = Release|Any CPU
		{01D3C4F3-732C-4CEF-ACEB-53EB8C82F491}.Performance|Mixed Platforms.ActiveCfg = Release|Any CPU
		{01D3C4F3-732C-4CEF-ACEB-53EB8C82F491}.Performance|Mixed Platforms.Build.0 = Release|Any CPU
		{01D3C4F3-732C-4CEF-ACEB-53EB8C82F491}.Performance|x86.ActiveCfg = Release|Any CPU
		{01D3C4F3-732C-4CEF-ACEB-53EB8C82F491}.PRODUCTION|Any CPU.ActiveCfg = Debug|Any CPU
		{01D3C4F3-732C-4CEF-ACEB-53EB8C82F491}.PRODUCTION|Any CPU.Build.0 = Debug|Any CPU
		{01D3C4F3-732C-4CEF-ACEB-53EB8C82F491}.PRODUCTION|Mixed Platforms.ActiveCfg = Debug|Any CPU
		{01D3C4F3-732C-4CEF-ACEB-53EB8C82F491}.PRODUCTION|Mixed Platforms.Build.0 = Debug|Any CPU
		{01D3C4F3-732C-4CEF-ACEB-53EB8C82F491}.PRODUCTION|x86.ActiveCfg = Debug|Any CPU
		{01D3C4F3-732C-4CEF-ACEB-53EB8C82F491}.PRODUCTION|x86.Build.0 = Debug|Any CPU
		{01D3C4F3-732C-4CEF-ACEB-53EB8C82F491}.Release|Any CPU.ActiveCfg = Release|Any CPU
		{01D3C4F3-732C-4CEF-ACEB-53EB8C82F491}.Release|Any CPU.Build.0 = Release|Any CPU
		{01D3C4F3-732C-4CEF-ACEB-53EB8C82F491}.Release|Mixed Platforms.ActiveCfg = Release|Any CPU
		{01D3C4F3-732C-4CEF-ACEB-53EB8C82F491}.Release|Mixed Platforms.Build.0 = Release|Any CPU
		{01D3C4F3-732C-4CEF-ACEB-53EB8C82F491}.Release|x86.ActiveCfg = Release|Any CPU
		{01D3C4F3-732C-4CEF-ACEB-53EB8C82F491}.RoutingFull|Any CPU.ActiveCfg = Release|Any CPU
		{01D3C4F3-732C-4CEF-ACEB-53EB8C82F491}.RoutingFull|Any CPU.Build.0 = Release|Any CPU
		{01D3C4F3-732C-4CEF-ACEB-53EB8C82F491}.RoutingFull|Mixed Platforms.ActiveCfg = Release|Any CPU
		{01D3C4F3-732C-4CEF-ACEB-53EB8C82F491}.RoutingFull|Mixed Platforms.Build.0 = Release|Any CPU
		{01D3C4F3-732C-4CEF-ACEB-53EB8C82F491}.RoutingFull|x86.ActiveCfg = Release|Any CPU
		{01D3C4F3-732C-4CEF-ACEB-53EB8C82F491}.RunTime|Any CPU.ActiveCfg = Release|Any CPU
		{01D3C4F3-732C-4CEF-ACEB-53EB8C82F491}.RunTime|Any CPU.Build.0 = Release|Any CPU
		{01D3C4F3-732C-4CEF-ACEB-53EB8C82F491}.RunTime|Mixed Platforms.ActiveCfg = Release|Any CPU
		{01D3C4F3-732C-4CEF-ACEB-53EB8C82F491}.RunTime|Mixed Platforms.Build.0 = Release|Any CPU
		{01D3C4F3-732C-4CEF-ACEB-53EB8C82F491}.RunTime|x86.ActiveCfg = Release|Any CPU
		{01D3C4F3-732C-4CEF-ACEB-53EB8C82F491}.TGLICENSE|Any CPU.ActiveCfg = Release|Any CPU
		{01D3C4F3-732C-4CEF-ACEB-53EB8C82F491}.TGLICENSE|Any CPU.Build.0 = Release|Any CPU
		{01D3C4F3-732C-4CEF-ACEB-53EB8C82F491}.TGLICENSE|Mixed Platforms.ActiveCfg = Release|Any CPU
		{01D3C4F3-732C-4CEF-ACEB-53EB8C82F491}.TGLICENSE|Mixed Platforms.Build.0 = Release|Any CPU
		{01D3C4F3-732C-4CEF-ACEB-53EB8C82F491}.TGLICENSE|x86.ActiveCfg = Release|Any CPU
	EndGlobalSection
	GlobalSection(SolutionProperties) = preSolution
		HideSolutionNode = FALSE
	EndGlobalSection
EndGlobal
