
Microsoft Visual Studio Solution File, Format Version 12.00
# Visual Studio 15
VisualStudioVersion = 15.0.27004.2002
MinimumVisualStudioVersion = 10.0.40219.1
Project("{FAE04EC0-301F-11D3-BF4B-00C04F79EFBC}") = "ElevationGradeOfLine", "ElevationGradeOfLine\ElevationGradeOfLine.csproj", "{BABF2E22-D970-4D4F-B2F1-718F0795CE7E}"
EndProject
Global
	GlobalSection(SolutionConfigurationPlatforms) = preSolution
		Debug|Any CPU = Debug|Any CPU
		Release|Any CPU = Release|Any CPU
	EndGlobalSection
	GlobalSection(ProjectConfigurationPlatforms) = postSolution
		{BABF2E22-D970-4D4F-B2F1-718F0795CE7E}.Debug|Any CPU.ActiveCfg = Debug|Any CPU
		{BABF2E22-D970-4D4F-B2F1-718F0795CE7E}.Debug|Any CPU.Build.0 = Debug|Any CPU
		{BABF2E22-D970-4D4F-B2F1-718F0795CE7E}.Release|Any CPU.ActiveCfg = Release|Any CPU
		{BABF2E22-D970-4D4F-B2F1-718F0795CE7E}.Release|Any CPU.Build.0 = Release|Any CPU
	EndGlobalSection
	GlobalSection(SolutionProperties) = preSolution
		HideSolutionNode = FALSE
	EndGlobalSection
	GlobalSection(ExtensibilityGlobals) = postSolution
		SolutionGuid = {BF25CB79-8EC8-49C9-A127-A7FCD59CF9A2}
	EndGlobalSection
EndGlobal
