
Microsoft Visual Studio Solution File, Format Version 12.00
# Visual Studio 15
VisualStudioVersion = 15.0.26430.14
MinimumVisualStudioVersion = 10.0.40219.1
Project("{FAE04EC0-301F-11D3-BF4B-00C04F79EFBC}") = "ElevationStatistics", "ElevationStatistics\ElevationStatistics.csproj", "{07729C62-7110-48F3-AC7E-C604F6D911BB}"
EndProject
Global
	GlobalSection(SolutionConfigurationPlatforms) = preSolution
		Debug|Any CPU = Debug|Any CPU
		Release|Any CPU = Release|Any CPU
	EndGlobalSection
	GlobalSection(ProjectConfigurationPlatforms) = postSolution
		{07729C62-7110-48F3-AC7E-C604F6D911BB}.Debug|Any CPU.ActiveCfg = Debug|Any CPU
		{07729C62-7110-48F3-AC7E-C604F6D911BB}.Debug|Any CPU.Build.0 = Debug|Any CPU
		{07729C62-7110-48F3-AC7E-C604F6D911BB}.Release|Any CPU.ActiveCfg = Release|Any CPU
		{07729C62-7110-48F3-AC7E-C604F6D911BB}.Release|Any CPU.Build.0 = Release|Any CPU
	EndGlobalSection
	GlobalSection(SolutionProperties) = preSolution
		HideSolutionNode = FALSE
	EndGlobalSection
EndGlobal
