
Microsoft Visual Studio Solution File, Format Version 12.00
# Visual Studio 14
VisualStudioVersion = 14.0.25420.1
MinimumVisualStudioVersion = 10.0.40219.1
Project("{2150E333-8FDC-42A3-9474-1A3956D46DE8}") = "Solution Items", "Solution Items", "{07020B41-0BAB-4925-9BBF-DCD6C93626AC}"
EndProject
Project("{FAE04EC0-301F-11D3-BF4B-00C04F79EFBC}") = "TopologyValidation", "TopologyValidation\TopologyValidation.csproj", "{CB7AC85D-03FA-47CF-A468-91DF556EFFA0}"
EndProject
Global
	GlobalSection(SolutionConfigurationPlatforms) = preSolution
		AlwaysWaterMarker|Any CPU = AlwaysWaterMarker|Any CPU
		AlwaysWaterMarker|Mixed Platforms = AlwaysWaterMarker|Mixed Platforms
		AlwaysWaterMarker|x64 = AlwaysWaterMarker|x64
		AlwaysWaterMarker|x86 = AlwaysWaterMarker|x86
		Code Analysis|Any CPU = Code Analysis|Any CPU
		Code Analysis|Mixed Platforms = Code Analysis|Mixed Platforms
		Code Analysis|x64 = Code Analysis|x64
		Code Analysis|x86 = Code Analysis|x86
		Debug|Any CPU = Debug|Any CPU
		Debug|Mixed Platforms = Debug|Mixed Platforms
		Debug|x64 = Debug|x64
		Debug|x86 = Debug|x86
		Evaluation|Any CPU = Evaluation|Any CPU
		Evaluation|Mixed Platforms = Evaluation|Mixed Platforms
		Evaluation|x64 = Evaluation|x64
		Evaluation|x86 = Evaluation|x86
		Full|Any CPU = Full|Any CPU
		Full|Mixed Platforms = Full|Mixed Platforms
		Full|x64 = Full|x64
		Full|x86 = Full|x86
		GISEditorUnitTest|Any CPU = GISEditorUnitTest|Any CPU
		GISEditorUnitTest|Mixed Platforms = GISEditorUnitTest|Mixed Platforms
		GISEditorUnitTest|x64 = GISEditorUnitTest|x64
		GISEditorUnitTest|x86 = GISEditorUnitTest|x86
		newBuildOption|Any CPU = newBuildOption|Any CPU
		newBuildOption|Mixed Platforms = newBuildOption|Mixed Platforms
		newBuildOption|x64 = newBuildOption|x64
		newBuildOption|x86 = newBuildOption|x86
		Performance|Any CPU = Performance|Any CPU
		Performance|Mixed Platforms = Performance|Mixed Platforms
		Performance|x64 = Performance|x64
		Performance|x86 = Performance|x86
		Release|Any CPU = Release|Any CPU
		Release|Mixed Platforms = Release|Mixed Platforms
		Release|x64 = Release|x64
		Release|x86 = Release|x86
		RoutingFull|Any CPU = RoutingFull|Any CPU
		RoutingFull|Mixed Platforms = RoutingFull|Mixed Platforms
		RoutingFull|x64 = RoutingFull|x64
		RoutingFull|x86 = RoutingFull|x86
		RunTime|Any CPU = RunTime|Any CPU
		RunTime|Mixed Platforms = RunTime|Mixed Platforms
		RunTime|x64 = RunTime|x64
		RunTime|x86 = RunTime|x86
		TGLICENSE|Any CPU = TGLICENSE|Any CPU
		TGLICENSE|Mixed Platforms = TGLICENSE|Mixed Platforms
		TGLICENSE|x64 = TGLICENSE|x64
		TGLICENSE|x86 = TGLICENSE|x86
	EndGlobalSection
	GlobalSection(ProjectConfigurationPlatforms) = postSolution
		{CB7AC85D-03FA-47CF-A468-91DF556EFFA0}.AlwaysWaterMarker|Any CPU.ActiveCfg = Release|Any CPU
		{CB7AC85D-03FA-47CF-A468-91DF556EFFA0}.AlwaysWaterMarker|Any CPU.Build.0 = Release|Any CPU
		{CB7AC85D-03FA-47CF-A468-91DF556EFFA0}.AlwaysWaterMarker|Mixed Platforms.ActiveCfg = Release|Any CPU
		{CB7AC85D-03FA-47CF-A468-91DF556EFFA0}.AlwaysWaterMarker|Mixed Platforms.Build.0 = Release|Any CPU
		{CB7AC85D-03FA-47CF-A468-91DF556EFFA0}.AlwaysWaterMarker|x64.ActiveCfg = Release|Any CPU
		{CB7AC85D-03FA-47CF-A468-91DF556EFFA0}.AlwaysWaterMarker|x86.ActiveCfg = Release|Any CPU
		{CB7AC85D-03FA-47CF-A468-91DF556EFFA0}.Code Analysis|Any CPU.ActiveCfg = Release|Any CPU
		{CB7AC85D-03FA-47CF-A468-91DF556EFFA0}.Code Analysis|Any CPU.Build.0 = Release|Any CPU
		{CB7AC85D-03FA-47CF-A468-91DF556EFFA0}.Code Analysis|Mixed Platforms.ActiveCfg = Release|Any CPU
		{CB7AC85D-03FA-47CF-A468-91DF556EFFA0}.Code Analysis|Mixed Platforms.Build.0 = Release|Any CPU
		{CB7AC85D-03FA-47CF-A468-91DF556EFFA0}.Code Analysis|x64.ActiveCfg = Release|Any CPU
		{CB7AC85D-03FA-47CF-A468-91DF556EFFA0}.Code Analysis|x86.ActiveCfg = Release|Any CPU
		{CB7AC85D-03FA-47CF-A468-91DF556EFFA0}.Debug|Any CPU.ActiveCfg = Debug|Any CPU
		{CB7AC85D-03FA-47CF-A468-91DF556EFFA0}.Debug|Any CPU.Build.0 = Debug|Any CPU
		{CB7AC85D-03FA-47CF-A468-91DF556EFFA0}.Debug|Mixed Platforms.ActiveCfg = Debug|Any CPU
		{CB7AC85D-03FA-47CF-A468-91DF556EFFA0}.Debug|Mixed Platforms.Build.0 = Debug|Any CPU
		{CB7AC85D-03FA-47CF-A468-91DF556EFFA0}.Debug|x64.ActiveCfg = Debug|x86
		{CB7AC85D-03FA-47CF-A468-91DF556EFFA0}.Debug|x86.ActiveCfg = Debug|x86
		{CB7AC85D-03FA-47CF-A468-91DF556EFFA0}.Debug|x86.Build.0 = Debug|x86
		{CB7AC85D-03FA-47CF-A468-91DF556EFFA0}.Evaluation|Any CPU.ActiveCfg = Release|Any CPU
		{CB7AC85D-03FA-47CF-A468-91DF556EFFA0}.Evaluation|Any CPU.Build.0 = Release|Any CPU
		{CB7AC85D-03FA-47CF-A468-91DF556EFFA0}.Evaluation|Mixed Platforms.ActiveCfg = Release|Any CPU
		{CB7AC85D-03FA-47CF-A468-91DF556EFFA0}.Evaluation|Mixed Platforms.Build.0 = Release|Any CPU
		{CB7AC85D-03FA-47CF-A468-91DF556EFFA0}.Evaluation|x64.ActiveCfg = Release|Any CPU
		{CB7AC85D-03FA-47CF-A468-91DF556EFFA0}.Evaluation|x86.ActiveCfg = Release|Any CPU
		{CB7AC85D-03FA-47CF-A468-91DF556EFFA0}.Full|Any CPU.ActiveCfg = Release|Any CPU
		{CB7AC85D-03FA-47CF-A468-91DF556EFFA0}.Full|Any CPU.Build.0 = Release|Any CPU
		{CB7AC85D-03FA-47CF-A468-91DF556EFFA0}.Full|Mixed Platforms.ActiveCfg = Release|Any CPU
		{CB7AC85D-03FA-47CF-A468-91DF556EFFA0}.Full|Mixed Platforms.Build.0 = Release|Any CPU
		{CB7AC85D-03FA-47CF-A468-91DF556EFFA0}.Full|x64.ActiveCfg = Release|Any CPU
		{CB7AC85D-03FA-47CF-A468-91DF556EFFA0}.Full|x86.ActiveCfg = Release|Any CPU
		{CB7AC85D-03FA-47CF-A468-91DF556EFFA0}.GISEditorUnitTest|Any CPU.ActiveCfg = Release|Any CPU
		{CB7AC85D-03FA-47CF-A468-91DF556EFFA0}.GISEditorUnitTest|Any CPU.Build.0 = Release|Any CPU
		{CB7AC85D-03FA-47CF-A468-91DF556EFFA0}.GISEditorUnitTest|Mixed Platforms.ActiveCfg = Release|Any CPU
		{CB7AC85D-03FA-47CF-A468-91DF556EFFA0}.GISEditorUnitTest|Mixed Platforms.Build.0 = Release|Any CPU
		{CB7AC85D-03FA-47CF-A468-91DF556EFFA0}.GISEditorUnitTest|x64.ActiveCfg = Release|Any CPU
		{CB7AC85D-03FA-47CF-A468-91DF556EFFA0}.GISEditorUnitTest|x86.ActiveCfg = Release|Any CPU
		{CB7AC85D-03FA-47CF-A468-91DF556EFFA0}.newBuildOption|Any CPU.ActiveCfg = Release|Any CPU
		{CB7AC85D-03FA-47CF-A468-91DF556EFFA0}.newBuildOption|Any CPU.Build.0 = Release|Any CPU
		{CB7AC85D-03FA-47CF-A468-91DF556EFFA0}.newBuildOption|Mixed Platforms.ActiveCfg = Release|Any CPU
		{CB7AC85D-03FA-47CF-A468-91DF556EFFA0}.newBuildOption|Mixed Platforms.Build.0 = Release|Any CPU
		{CB7AC85D-03FA-47CF-A468-91DF556EFFA0}.newBuildOption|x64.ActiveCfg = Release|Any CPU
		{CB7AC85D-03FA-47CF-A468-91DF556EFFA0}.newBuildOption|x86.ActiveCfg = Release|Any CPU
		{CB7AC85D-03FA-47CF-A468-91DF556EFFA0}.Performance|Any CPU.ActiveCfg = Release|Any CPU
		{CB7AC85D-03FA-47CF-A468-91DF556EFFA0}.Performance|Any CPU.Build.0 = Release|Any CPU
		{CB7AC85D-03FA-47CF-A468-91DF556EFFA0}.Performance|Mixed Platforms.ActiveCfg = Release|Any CPU
		{CB7AC85D-03FA-47CF-A468-91DF556EFFA0}.Performance|Mixed Platforms.Build.0 = Release|Any CPU
		{CB7AC85D-03FA-47CF-A468-91DF556EFFA0}.Performance|x64.ActiveCfg = Release|Any CPU
		{CB7AC85D-03FA-47CF-A468-91DF556EFFA0}.Performance|x86.ActiveCfg = Release|Any CPU
		{CB7AC85D-03FA-47CF-A468-91DF556EFFA0}.Release|Any CPU.ActiveCfg = Release|Any CPU
		{CB7AC85D-03FA-47CF-A468-91DF556EFFA0}.Release|Any CPU.Build.0 = Release|Any CPU
		{CB7AC85D-03FA-47CF-A468-91DF556EFFA0}.Release|Mixed Platforms.ActiveCfg = Release|Any CPU
		{CB7AC85D-03FA-47CF-A468-91DF556EFFA0}.Release|Mixed Platforms.Build.0 = Release|Any CPU
		{CB7AC85D-03FA-47CF-A468-91DF556EFFA0}.Release|x64.ActiveCfg = Release|x86
		{CB7AC85D-03FA-47CF-A468-91DF556EFFA0}.Release|x86.ActiveCfg = Release|x86
		{CB7AC85D-03FA-47CF-A468-91DF556EFFA0}.Release|x86.Build.0 = Release|x86
		{CB7AC85D-03FA-47CF-A468-91DF556EFFA0}.RoutingFull|Any CPU.ActiveCfg = Release|Any CPU
		{CB7AC85D-03FA-47CF-A468-91DF556EFFA0}.RoutingFull|Any CPU.Build.0 = Release|Any CPU
		{CB7AC85D-03FA-47CF-A468-91DF556EFFA0}.RoutingFull|Mixed Platforms.ActiveCfg = Release|Any CPU
		{CB7AC85D-03FA-47CF-A468-91DF556EFFA0}.RoutingFull|Mixed Platforms.Build.0 = Release|Any CPU
		{CB7AC85D-03FA-47CF-A468-91DF556EFFA0}.RoutingFull|x64.ActiveCfg = Release|Any CPU
		{CB7AC85D-03FA-47CF-A468-91DF556EFFA0}.RoutingFull|x86.ActiveCfg = Release|Any CPU
		{CB7AC85D-03FA-47CF-A468-91DF556EFFA0}.RunTime|Any CPU.ActiveCfg = Release|Any CPU
		{CB7AC85D-03FA-47CF-A468-91DF556EFFA0}.RunTime|Any CPU.Build.0 = Release|Any CPU
		{CB7AC85D-03FA-47CF-A468-91DF556EFFA0}.RunTime|Mixed Platforms.ActiveCfg = Release|Any CPU
		{CB7AC85D-03FA-47CF-A468-91DF556EFFA0}.RunTime|Mixed Platforms.Build.0 = Release|Any CPU
		{CB7AC85D-03FA-47CF-A468-91DF556EFFA0}.RunTime|x64.ActiveCfg = Release|Any CPU
		{CB7AC85D-03FA-47CF-A468-91DF556EFFA0}.RunTime|x86.ActiveCfg = Release|Any CPU
		{CB7AC85D-03FA-47CF-A468-91DF556EFFA0}.TGLICENSE|Any CPU.ActiveCfg = Release|Any CPU
		{CB7AC85D-03FA-47CF-A468-91DF556EFFA0}.TGLICENSE|Any CPU.Build.0 = Release|Any CPU
		{CB7AC85D-03FA-47CF-A468-91DF556EFFA0}.TGLICENSE|Mixed Platforms.ActiveCfg = Release|Any CPU
		{CB7AC85D-03FA-47CF-A468-91DF556EFFA0}.TGLICENSE|Mixed Platforms.Build.0 = Release|Any CPU
		{CB7AC85D-03FA-47CF-A468-91DF556EFFA0}.TGLICENSE|x64.ActiveCfg = Release|Any CPU
		{CB7AC85D-03FA-47CF-A468-91DF556EFFA0}.TGLICENSE|x86.ActiveCfg = Release|Any CPU
	EndGlobalSection
	GlobalSection(SolutionProperties) = preSolution
		HideSolutionNode = FALSE
	EndGlobalSection
	GlobalSection(TestCaseManagementSettings) = postSolution
		CategoryFile = TopologyFunctions.vsmdi
	EndGlobalSection
EndGlobal
