
Microsoft Visual Studio Solution File, Format Version 12.00
# Visual Studio Version 17
VisualStudioVersion = 17.6.33815.320
MinimumVisualStudioVersion = 10.0.40219.1
Project("{9A19103F-16F7-4668-BE54-9A1E7A4F7556}") = "HowDoI", "HowDoI.csproj", "{08B85F24-555C-40CD-B39B-51BE38410FCD}"
EndProject
Global
	GlobalSection(SolutionConfigurationPlatforms) = preSolution
		Debug|Any CPU = Debug|Any CPU
		Debug|x64 = Debug|x64
		Release|Any CPU = Release|Any CPU
		Release|x64 = Release|x64
	EndGlobalSection
	GlobalSection(ProjectConfigurationPlatforms) = postSolution
		{08B85F24-555C-40CD-B39B-51BE38410FCD}.Debug|Any CPU.ActiveCfg = Debug|Any CPU
		{08B85F24-555C-40CD-B39B-51BE38410FCD}.Debug|Any CPU.Build.0 = Debug|Any CPU
		{08B85F24-555C-40CD-B39B-51BE38410FCD}.Debug|x64.ActiveCfg = Debug|x64
		{08B85F24-555C-40CD-B39B-51BE38410FCD}.Debug|x64.Build.0 = Debug|x64
		{08B85F24-555C-40CD-B39B-51BE38410FCD}.Release|Any CPU.ActiveCfg = Release|Any CPU
		{08B85F24-555C-40CD-B39B-51BE38410FCD}.Release|Any CPU.Build.0 = Release|Any CPU
		{08B85F24-555C-40CD-B39B-51BE38410FCD}.Release|x64.ActiveCfg = Release|x64
		{08B85F24-555C-40CD-B39B-51BE38410FCD}.Release|x64.Build.0 = Release|x64
	EndGlobalSection
	GlobalSection(SolutionProperties) = preSolution
		HideSolutionNode = FALSE
	EndGlobalSection
	GlobalSection(ExtensibilityGlobals) = postSolution
		SolutionGuid = {A94D3AF9-861F-4BF4-B9C7-29B428D5EFC0}
	EndGlobalSection
EndGlobal
